// !$*UTF8*$!
{
	archiveVersion = 1;
	classes = {
	};
	objectVersion = 46;
	objects = {

/* Begin PBXBuildFile section */
		6C0368B91818796A0088353A /* EDIngredient.m in Sources */ = {isa = PBXBuildFile; fileRef = 6C0368B81818796A0088353A /* EDIngredient.m */; };
		6C0368BC18187A360088353A /* EDTakenMedication+Methods.m in Sources */ = {isa = PBXBuildFile; fileRef = 6C0368BB18187A360088353A /* EDTakenMedication+Methods.m */; };
		6C0368BF18187B8B0088353A /* EDMedication+Methods.m in Sources */ = {isa = PBXBuildFile; fileRef = 6C0368BE18187B8B0088353A /* EDMedication+Methods.m */; };
		6C08ABB017B0BB0B00A8DBF8 /* EDMultipleCoreDataTableViewController.m in Sources */ = {isa = PBXBuildFile; fileRef = 6C08ABAF17B0BB0B00A8DBF8 /* EDMultipleCoreDataTableViewController.m */; };
		6C08B5F317AAF956006F223B /* EDCoreDataTableViewController.m in Sources */ = {isa = PBXBuildFile; fileRef = 6C08B5F217AAF955006F223B /* EDCoreDataTableViewController.m */; };
		6C0A0FA617DA1B1A00954302 /* EDEvent.m in Sources */ = {isa = PBXBuildFile; fileRef = 6C0A0FA517DA1B1A00954302 /* EDEvent.m */; };
		6C0A0FAC17DA1B6700954302 /* EDEliminatedFood.m in Sources */ = {isa = PBXBuildFile; fileRef = 6C0A0FAB17DA1B6700954302 /* EDEliminatedFood.m */; };
		6C0A0FB517DA1C6700954302 /* EDEvent+Methods.m in Sources */ = {isa = PBXBuildFile; fileRef = 6C0A0FB417DA1C6700954302 /* EDEvent+Methods.m */; };
		6C1070861803427F000D3251 /* EDEatNewFoodViewController.m in Sources */ = {isa = PBXBuildFile; fileRef = 6C1070851803427F000D3251 /* EDEatNewFoodViewController.m */; };
		6C10D5041827E374000F247F /* EDTableComponents.m in Sources */ = {isa = PBXBuildFile; fileRef = 6C10D5031827E374000F247F /* EDTableComponents.m */; };
		6C10D51318283463000F247F /* EDTag.m in Sources */ = {isa = PBXBuildFile; fileRef = 6C10D51218283463000F247F /* EDTag.m */; };
		6C1354CA17F3533700AD6A4E /* Storyboard.storyboard in Resources */ = {isa = PBXBuildFile; fileRef = 6C1354C917F3533700AD6A4E /* Storyboard.storyboard */; };
		6C2B76B0185262FF00881902 /* MHEDBrowseMainViewController.m in Sources */ = {isa = PBXBuildFile; fileRef = 6C2B76AF185262FF00881902 /* MHEDBrowseMainViewController.m */; };
		6C2B76B318528F2800881902 /* MHEDBrowseFoodViewController.m in Sources */ = {isa = PBXBuildFile; fileRef = 6C2B76B218528F2800881902 /* MHEDBrowseFoodViewController.m */; };
		6C2B76B618528F3D00881902 /* MHEDBrowseSymptomsViewController.m in Sources */ = {isa = PBXBuildFile; fileRef = 6C2B76B518528F3D00881902 /* MHEDBrowseSymptomsViewController.m */; };
		6C2B76B91852C6EA00881902 /* MHEDBrowseMapViewController.m in Sources */ = {isa = PBXBuildFile; fileRef = 6C2B76B81852C6EA00881902 /* MHEDBrowseMapViewController.m */; };
		6C2B76BC1852C71B00881902 /* MHEDBrowseSymptomViewController.m in Sources */ = {isa = PBXBuildFile; fileRef = 6C2B76BB1852C71B00881902 /* MHEDBrowseSymptomViewController.m */; };
		6C2B76BF1853F7A900881902 /* MHEDTableViewController.m in Sources */ = {isa = PBXBuildFile; fileRef = 6C2B76BE1853F7A900881902 /* MHEDTableViewController.m */; };
		6C2B76C21854028800881902 /* MHEDCameraMealCaptureViewController.m in Sources */ = {isa = PBXBuildFile; fileRef = 6C2B76C11854028800881902 /* MHEDCameraMealCaptureViewController.m */; };
		6C2B76C5185402CF00881902 /* MHEDMealInformationEnterViewController.m in Sources */ = {isa = PBXBuildFile; fileRef = 6C2B76C4185402CF00881902 /* MHEDMealInformationEnterViewController.m */; };
		6C32A0C417AA93A0007E932D /* EDDocumentHandler.m in Sources */ = {isa = PBXBuildFile; fileRef = 6C32A0C317AA93A0007E932D /* EDDocumentHandler.m */; };
		6C35E18617C2A93A00AC4B74 /* NSSet+MHED_MoreSetOperations.m in Sources */ = {isa = PBXBuildFile; fileRef = 6C35E18517C2A93A00AC4B74 /* NSSet+MHED_MoreSetOperations.m */; };
		6C3619A818205CCF00791E49 /* EDTakeNewMedicationViewController.m in Sources */ = {isa = PBXBuildFile; fileRef = 6C3619A718205CCF00791E49 /* EDTakeNewMedicationViewController.m */; };
		6C3619AB18205E5200791E49 /* EDEatNewMealViewController.m in Sources */ = {isa = PBXBuildFile; fileRef = 6C3619AA18205E5200791E49 /* EDEatNewMealViewController.m */; };
		6C3619B41821ED0F00791E49 /* EDAddTableViewController.m in Sources */ = {isa = PBXBuildFile; fileRef = 6C3619B31821ED0F00791E49 /* EDAddTableViewController.m */; };
		6C365D2F182C18B300DC9990 /* EDSelectTagsViewController.m in Sources */ = {isa = PBXBuildFile; fileRef = 6C365D2E182C18B300DC9990 /* EDSelectTagsViewController.m */; };
		6C3E83F7180D939C006CC09B /* EDSearchToEatViewController.m in Sources */ = {isa = PBXBuildFile; fileRef = 6C3E83F6180D939C006CC09B /* EDSearchToEatViewController.m */; };
		6C4C8501183527BC00D8DDE7 /* EDImage+Methods.m in Sources */ = {isa = PBXBuildFile; fileRef = 6C4C8500183527BC00D8DDE7 /* EDImage+Methods.m */; };
		6C4DC05117736E8F00AE401F /* UIView+MHED_AdjustView.m in Sources */ = {isa = PBXBuildFile; fileRef = 6C4DC05017736E8F00AE401F /* UIView+MHED_AdjustView.m */; };
		6C629F7917E8EB5900FCEFE8 /* EDRestaurant+Methods.m in Sources */ = {isa = PBXBuildFile; fileRef = 6C683D7F17CE9FF400011ED5 /* EDRestaurant+Methods.m */; };
		6C683D7A17CE63CB00011ED5 /* EDFood+Methods.m in Sources */ = {isa = PBXBuildFile; fileRef = 6C683D7917CE63CB00011ED5 /* EDFood+Methods.m */; };
		6C683D7D17CE67C600011ED5 /* EDTag+Methods.m in Sources */ = {isa = PBXBuildFile; fileRef = 6C683D7C17CE67C600011ED5 /* EDTag+Methods.m */; };
		6C75C36C18157CEB00676288 /* EDEliminatedAPI.m in Sources */ = {isa = PBXBuildFile; fileRef = 6C75C36B18157CEB00676288 /* EDEliminatedAPI.m */; };
		6C85479317E4FCFD005B06A6 /* EDLocation.m in Sources */ = {isa = PBXBuildFile; fileRef = 6C85479217E4FCFD005B06A6 /* EDLocation.m */; };
		6C8B3652181ABF8A00B022F3 /* EDEliminatedAPI+Fetching.m in Sources */ = {isa = PBXBuildFile; fileRef = 6C8B3651181ABF8A00B022F3 /* EDEliminatedAPI+Fetching.m */; };
		6C8B3656181ABFAA00B022F3 /* EDEliminatedAPI+Searching.m in Sources */ = {isa = PBXBuildFile; fileRef = 6C8B3655181ABFAA00B022F3 /* EDEliminatedAPI+Searching.m */; };
		6C8B3659181ACCB200B022F3 /* EDEliminatedAPI+Sorting.m in Sources */ = {isa = PBXBuildFile; fileRef = 6C8B3658181ACCB200B022F3 /* EDEliminatedAPI+Sorting.m */; };
		6C8B365C181ACCBE00B022F3 /* EDEliminatedAPI+Helpers.m in Sources */ = {isa = PBXBuildFile; fileRef = 6C8B365B181ACCBE00B022F3 /* EDEliminatedAPI+Helpers.m */; };
		6C8B78B3182D489A008603CF /* EDCameraViewController.m in Sources */ = {isa = PBXBuildFile; fileRef = 6C8B78B2182D489A008603CF /* EDCameraViewController.m */; };
		6C8CF340176BAB7C0080F3F2 /* NSString+MHED_EatDate.m in Sources */ = {isa = PBXBuildFile; fileRef = 6C8CF33F176BAB7C0080F3F2 /* NSString+MHED_EatDate.m */; };
		6CA03B34184FB96500057CA3 /* NSArray+MHED_Methods.m in Sources */ = {isa = PBXBuildFile; fileRef = 6CA03B33184FB96500057CA3 /* NSArray+MHED_Methods.m */; };
		6CA03B3718511FCE00057CA3 /* MHEDBrowseViewController.m in Sources */ = {isa = PBXBuildFile; fileRef = 6CA03B3618511FCE00057CA3 /* MHEDBrowseViewController.m */; };
		6CAB9CE217A005E500988074 /* CoreData.framework in Frameworks */ = {isa = PBXBuildFile; fileRef = 6CAB9CE117A005E500988074 /* CoreData.framework */; };
		6CAB9CE517A0062100988074 /* EDDataModel.xcdatamodeld in Sources */ = {isa = PBXBuildFile; fileRef = 6CAB9CE317A0062100988074 /* EDDataModel.xcdatamodeld */; };
		6CAD6A1717CBC2BF007B2087 /* NSError+MHED_MultipleErrors.m in Sources */ = {isa = PBXBuildFile; fileRef = 6CAD6A1617CBC2BF007B2087 /* NSError+MHED_MultipleErrors.m */; };
		6CADA0BB1831210700A9C6AA /* EDMedication.m in Sources */ = {isa = PBXBuildFile; fileRef = 6CADA0BA1831210700A9C6AA /* EDMedication.m */; };
		6CADA0BE1831210800A9C6AA /* EDMeal.m in Sources */ = {isa = PBXBuildFile; fileRef = 6CADA0BD1831210800A9C6AA /* EDMeal.m */; };
		6CADA0C41831211B00A9C6AA /* EDEatenMeal.m in Sources */ = {isa = PBXBuildFile; fileRef = 6CADA0C31831211B00A9C6AA /* EDEatenMeal.m */; };
		6CADA0CA183134EE00A9C6AA /* EDRestaurant.m in Sources */ = {isa = PBXBuildFile; fileRef = 6CADA0C9183134EE00A9C6AA /* EDRestaurant.m */; };
		6CADA0CD183134FD00A9C6AA /* EDTakenMedication.m in Sources */ = {isa = PBXBuildFile; fileRef = 6CADA0CC183134FD00A9C6AA /* EDTakenMedication.m */; };
		6CADA0D1183172CE00A9C6AA /* iCarousel.m in Sources */ = {isa = PBXBuildFile; fileRef = 6CADA0D0183172CE00A9C6AA /* iCarousel.m */; };
		6CADA0D31831730500A9C6AA /* QuartzCore.framework in Frameworks */ = {isa = PBXBuildFile; fileRef = 6CADA0D21831730500A9C6AA /* QuartzCore.framework */; };
		6CADA0D61832A10500A9C6AA /* UIImage+MHED_fixOrientation.m in Sources */ = {isa = PBXBuildFile; fileRef = 6CADA0D51832A10500A9C6AA /* UIImage+MHED_fixOrientation.m */; };
		6CADA0D91832B9F900A9C6AA /* EDShowHideCell.m in Sources */ = {isa = PBXBuildFile; fileRef = 6CADA0D81832B9F900A9C6AA /* EDShowHideCell.m */; };
		6CAE73FE18046B020062E12C /* EDMealAndMedicationSegmentedControlCell.m in Sources */ = {isa = PBXBuildFile; fileRef = 6CAE73FD18046B020062E12C /* EDMealAndMedicationSegmentedControlCell.m */; };
		6CAE740118046C730062E12C /* EDImageAndNameCell.m in Sources */ = {isa = PBXBuildFile; fileRef = 6CAE740018046C730062E12C /* EDImageAndNameCell.m */; };
		6CAE740418046D260062E12C /* EDTagCell.m in Sources */ = {isa = PBXBuildFile; fileRef = 6CAE740318046D260062E12C /* EDTagCell.m */; };
		6CAEC09017A843AE00649199 /* EDEatenMeal+Methods.m in Sources */ = {isa = PBXBuildFile; fileRef = 6CAEC08F17A843AD00649199 /* EDEatenMeal+Methods.m */; };
		6CAEC09917A8441700649199 /* EDHadSymptom+Methods.m in Sources */ = {isa = PBXBuildFile; fileRef = 6CAEC09817A8441600649199 /* EDHadSymptom+Methods.m */; };
		6CAEC09F17A844D400649199 /* EDIngredient+Methods.m in Sources */ = {isa = PBXBuildFile; fileRef = 6CAEC09E17A844D300649199 /* EDIngredient+Methods.m */; };
		6CAEC0A517A8452500649199 /* EDMeal+Methods.m in Sources */ = {isa = PBXBuildFile; fileRef = 6CAEC0A417A8452400649199 /* EDMeal+Methods.m */; };
		6CAEC0AB17A8454F00649199 /* EDSymptom+Methods.m in Sources */ = {isa = PBXBuildFile; fileRef = 6CAEC0AA17A8454E00649199 /* EDSymptom+Methods.m */; };
		6CAEC0AE17A8456A00649199 /* EDType+Methods.m in Sources */ = {isa = PBXBuildFile; fileRef = 6CAEC0AD17A8456500649199 /* EDType+Methods.m */; };
		6CB51B5F17CF318500F58122 /* EDEliminatedFood+Ingredients.m in Sources */ = {isa = PBXBuildFile; fileRef = 6CB51B5E17CF318500F58122 /* EDEliminatedFood+Ingredients.m */; };
		6CB51B6217CF319900F58122 /* EDEliminatedFood+Types.m in Sources */ = {isa = PBXBuildFile; fileRef = 6CB51B6117CF319900F58122 /* EDEliminatedFood+Types.m */; };
		6CB51B6517CF31A100F58122 /* EDEliminatedFood+Methods.m in Sources */ = {isa = PBXBuildFile; fileRef = 6CB51B6417CF31A100F58122 /* EDEliminatedFood+Methods.m */; };
		6CB51B6817CF31A900F58122 /* EDEliminatedFood+Restaurants.m in Sources */ = {isa = PBXBuildFile; fileRef = 6CB51B6717CF31A900F58122 /* EDEliminatedFood+Restaurants.m */; };
		6CB51B6B17CF327900F58122 /* EDEliminatedFood+Meals.m in Sources */ = {isa = PBXBuildFile; fileRef = 6CB51B6A17CF327800F58122 /* EDEliminatedFood+Meals.m */; };
		6CBE2F0F1829495B00854B64 /* EDBasicPhotoCreateViewController.m in Sources */ = {isa = PBXBuildFile; fileRef = 6CBE2F0E1829495B00854B64 /* EDBasicPhotoCreateViewController.m */; };
		6CBE2F16182951E500854B64 /* EDReminderCell.m in Sources */ = {isa = PBXBuildFile; fileRef = 6CBE2F15182951E500854B64 /* EDReminderCell.m */; };
		6CBE2F191829520E00854B64 /* EDImageButtonCell.m in Sources */ = {isa = PBXBuildFile; fileRef = 6CBE2F181829520E00854B64 /* EDImageButtonCell.m */; };
		6CBE2F1C1829523000854B64 /* EDLargeImageCell.m in Sources */ = {isa = PBXBuildFile; fileRef = 6CBE2F1B1829523000854B64 /* EDLargeImageCell.m */; };
		6CBE2F1F18297C6700854B64 /* EDNewFoodFromPicturesViewController.m in Sources */ = {isa = PBXBuildFile; fileRef = 6CBE2F1E18297C6700854B64 /* EDNewFoodFromPicturesViewController.m */; };
		6CC0E8231836836A004CC620 /* MobileCoreServices.framework in Frameworks */ = {isa = PBXBuildFile; fileRef = 6CC0E8221836836A004CC620 /* MobileCoreServices.framework */; };
		6CC0E826183AB2E9004CC620 /* EDStatusViewController.m in Sources */ = {isa = PBXBuildFile; fileRef = 6CC0E825183AB2E9004CC620 /* EDStatusViewController.m */; };
		6CC20F5217E39757005CA809 /* EDLocation+Methods.m in Sources */ = {isa = PBXBuildFile; fileRef = 6CC20F5117E39756005CA809 /* EDLocation+Methods.m */; };
		6CC20F5A17E398BE005CA809 /* CoreLocation.framework in Frameworks */ = {isa = PBXBuildFile; fileRef = 6CC20F5917E398BE005CA809 /* CoreLocation.framework */; };
		6CC20F5C17E398C3005CA809 /* MapKit.framework in Frameworks */ = {isa = PBXBuildFile; fileRef = 6CC20F5B17E398C3005CA809 /* MapKit.framework */; };
		6CD236CE1834817600102959 /* EDImage.m in Sources */ = {isa = PBXBuildFile; fileRef = 6CD236CD1834817600102959 /* EDImage.m */; };
		6CD236D11834818C00102959 /* EDFood.m in Sources */ = {isa = PBXBuildFile; fileRef = 6CD236D01834818C00102959 /* EDFood.m */; };
		6CD321B217E0BB2F0085922F /* EDType.m in Sources */ = {isa = PBXBuildFile; fileRef = 6CD321B117E0BB2F0085922F /* EDType.m */; };
		6CE51DD4183EA848004C7ABC /* EDHadSymptom.m in Sources */ = {isa = PBXBuildFile; fileRef = 6CE51DD3183EA848004C7ABC /* EDHadSymptom.m */; };
		6CE51DDA183EA848004C7ABC /* EDSymptomDescription.m in Sources */ = {isa = PBXBuildFile; fileRef = 6CE51DD9183EA848004C7ABC /* EDSymptomDescription.m */; };
		6CE51DDD183EA9BD004C7ABC /* EDBodyPart+Methods.m in Sources */ = {isa = PBXBuildFile; fileRef = 6CE51DDC183EA9BD004C7ABC /* EDBodyPart+Methods.m */; };
		6CE51DE0183EA9D9004C7ABC /* EDSymptomDescription+Methods.m in Sources */ = {isa = PBXBuildFile; fileRef = 6CE51DDF183EA9D9004C7ABC /* EDSymptomDescription+Methods.m */; };
		6CE51DE6183EB5E6004C7ABC /* EDSymptom.m in Sources */ = {isa = PBXBuildFile; fileRef = 6CE51DE5183EB5E6004C7ABC /* EDSymptom.m */; };
		6CE51DEF183FCEB2004C7ABC /* EDBodyPart.m in Sources */ = {isa = PBXBuildFile; fileRef = 6CE51DEE183FCEB2004C7ABC /* EDBodyPart.m */; };
		6CE51DF2183FCECC004C7ABC /* EDBodyLocation+Methods.m in Sources */ = {isa = PBXBuildFile; fileRef = 6CE51DF1183FCECC004C7ABC /* EDBodyLocation+Methods.m */; };
		6CE51DF8183FD5AD004C7ABC /* EDBodyLocation.m in Sources */ = {isa = PBXBuildFile; fileRef = 6CE51DF7183FD5AD004C7ABC /* EDBodyLocation.m */; };
		6CED588C1763FA3F005BFF76 /* UIKit.framework in Frameworks */ = {isa = PBXBuildFile; fileRef = 6CED588B1763FA3F005BFF76 /* UIKit.framework */; };
		6CED588E1763FA3F005BFF76 /* Foundation.framework in Frameworks */ = {isa = PBXBuildFile; fileRef = 6CED588D1763FA3F005BFF76 /* Foundation.framework */; };
		6CED58901763FA3F005BFF76 /* CoreGraphics.framework in Frameworks */ = {isa = PBXBuildFile; fileRef = 6CED588F1763FA3F005BFF76 /* CoreGraphics.framework */; };
		6CED58961763FA3F005BFF76 /* InfoPlist.strings in Resources */ = {isa = PBXBuildFile; fileRef = 6CED58941763FA3F005BFF76 /* InfoPlist.strings */; };
		6CED58981763FA3F005BFF76 /* main.m in Sources */ = {isa = PBXBuildFile; fileRef = 6CED58971763FA3F005BFF76 /* main.m */; };
		6CED589C1763FA3F005BFF76 /* EDAppDelegate.m in Sources */ = {isa = PBXBuildFile; fileRef = 6CED589B1763FA3F005BFF76 /* EDAppDelegate.m */; };
		6CED589E1763FA3F005BFF76 /* Default.png in Resources */ = {isa = PBXBuildFile; fileRef = 6CED589D1763FA3F005BFF76 /* Default.png */; };
		6CED58A01763FA3F005BFF76 /* Default@2x.png in Resources */ = {isa = PBXBuildFile; fileRef = 6CED589F1763FA3F005BFF76 /* Default@2x.png */; };
		6CED58A21763FA3F005BFF76 /* Default-568h@2x.png in Resources */ = {isa = PBXBuildFile; fileRef = 6CED58A11763FA3F005BFF76 /* Default-568h@2x.png */; };
/* End PBXBuildFile section */

/* Begin PBXFileReference section */
		6C0368B71818796A0088353A /* EDIngredient.h */ = {isa = PBXFileReference; fileEncoding = 4; lastKnownFileType = sourcecode.c.h; path = EDIngredient.h; sourceTree = "<group>"; };
		6C0368B81818796A0088353A /* EDIngredient.m */ = {isa = PBXFileReference; fileEncoding = 4; lastKnownFileType = sourcecode.c.objc; path = EDIngredient.m; sourceTree = "<group>"; };
		6C0368BA18187A360088353A /* EDTakenMedication+Methods.h */ = {isa = PBXFileReference; fileEncoding = 4; lastKnownFileType = sourcecode.c.h; path = "EDTakenMedication+Methods.h"; sourceTree = "<group>"; };
		6C0368BB18187A360088353A /* EDTakenMedication+Methods.m */ = {isa = PBXFileReference; fileEncoding = 4; lastKnownFileType = sourcecode.c.objc; path = "EDTakenMedication+Methods.m"; sourceTree = "<group>"; };
		6C0368BD18187B8B0088353A /* EDMedication+Methods.h */ = {isa = PBXFileReference; fileEncoding = 4; lastKnownFileType = sourcecode.c.h; path = "EDMedication+Methods.h"; sourceTree = "<group>"; };
		6C0368BE18187B8B0088353A /* EDMedication+Methods.m */ = {isa = PBXFileReference; fileEncoding = 4; lastKnownFileType = sourcecode.c.objc; path = "EDMedication+Methods.m"; sourceTree = "<group>"; };
		6C08ABAE17B0BB0B00A8DBF8 /* EDMultipleCoreDataTableViewController.h */ = {isa = PBXFileReference; fileEncoding = 4; lastKnownFileType = sourcecode.c.h; path = EDMultipleCoreDataTableViewController.h; sourceTree = "<group>"; };
		6C08ABAF17B0BB0B00A8DBF8 /* EDMultipleCoreDataTableViewController.m */ = {isa = PBXFileReference; fileEncoding = 4; lastKnownFileType = sourcecode.c.objc; path = EDMultipleCoreDataTableViewController.m; sourceTree = "<group>"; };
		6C08B5F117AAF955006F223B /* EDCoreDataTableViewController.h */ = {isa = PBXFileReference; fileEncoding = 4; lastKnownFileType = sourcecode.c.h; path = EDCoreDataTableViewController.h; sourceTree = "<group>"; };
		6C08B5F217AAF955006F223B /* EDCoreDataTableViewController.m */ = {isa = PBXFileReference; fileEncoding = 4; lastKnownFileType = sourcecode.c.objc; path = EDCoreDataTableViewController.m; sourceTree = "<group>"; };
		6C0A0FA417DA1B1A00954302 /* EDEvent.h */ = {isa = PBXFileReference; fileEncoding = 4; lastKnownFileType = sourcecode.c.h; path = EDEvent.h; sourceTree = "<group>"; };
		6C0A0FA517DA1B1A00954302 /* EDEvent.m */ = {isa = PBXFileReference; fileEncoding = 4; lastKnownFileType = sourcecode.c.objc; path = EDEvent.m; sourceTree = "<group>"; };
		6C0A0FAA17DA1B6700954302 /* EDEliminatedFood.h */ = {isa = PBXFileReference; fileEncoding = 4; lastKnownFileType = sourcecode.c.h; path = EDEliminatedFood.h; sourceTree = "<group>"; };
		6C0A0FAB17DA1B6700954302 /* EDEliminatedFood.m */ = {isa = PBXFileReference; fileEncoding = 4; lastKnownFileType = sourcecode.c.objc; path = EDEliminatedFood.m; sourceTree = "<group>"; };
		6C0A0FB317DA1C6700954302 /* EDEvent+Methods.h */ = {isa = PBXFileReference; fileEncoding = 4; lastKnownFileType = sourcecode.c.h; path = "EDEvent+Methods.h"; sourceTree = "<group>"; };
		6C0A0FB417DA1C6700954302 /* EDEvent+Methods.m */ = {isa = PBXFileReference; fileEncoding = 4; lastKnownFileType = sourcecode.c.objc; path = "EDEvent+Methods.m"; sourceTree = "<group>"; };
		6C1070841803427F000D3251 /* EDEatNewFoodViewController.h */ = {isa = PBXFileReference; fileEncoding = 4; lastKnownFileType = sourcecode.c.h; path = EDEatNewFoodViewController.h; sourceTree = "<group>"; };
		6C1070851803427F000D3251 /* EDEatNewFoodViewController.m */ = {isa = PBXFileReference; fileEncoding = 4; lastKnownFileType = sourcecode.c.objc; path = EDEatNewFoodViewController.m; sourceTree = "<group>"; };
		6C10D5021827E374000F247F /* EDTableComponents.h */ = {isa = PBXFileReference; fileEncoding = 4; lastKnownFileType = sourcecode.c.h; path = EDTableComponents.h; sourceTree = "<group>"; };
		6C10D5031827E374000F247F /* EDTableComponents.m */ = {isa = PBXFileReference; fileEncoding = 4; lastKnownFileType = sourcecode.c.objc; path = EDTableComponents.m; sourceTree = "<group>"; };
		6C10D51118283463000F247F /* EDTag.h */ = {isa = PBXFileReference; fileEncoding = 4; lastKnownFileType = sourcecode.c.h; path = EDTag.h; sourceTree = "<group>"; };
		6C10D51218283463000F247F /* EDTag.m */ = {isa = PBXFileReference; fileEncoding = 4; lastKnownFileType = sourcecode.c.objc; path = EDTag.m; sourceTree = "<group>"; };
		6C1354C917F3533700AD6A4E /* Storyboard.storyboard */ = {isa = PBXFileReference; fileEncoding = 4; lastKnownFileType = file.storyboard; path = Storyboard.storyboard; sourceTree = "<group>"; };
		6C2B76AE185262FF00881902 /* MHEDBrowseMainViewController.h */ = {isa = PBXFileReference; fileEncoding = 4; lastKnownFileType = sourcecode.c.h; path = MHEDBrowseMainViewController.h; sourceTree = "<group>"; };
		6C2B76AF185262FF00881902 /* MHEDBrowseMainViewController.m */ = {isa = PBXFileReference; fileEncoding = 4; lastKnownFileType = sourcecode.c.objc; path = MHEDBrowseMainViewController.m; sourceTree = "<group>"; };
		6C2B76B118528F2800881902 /* MHEDBrowseFoodViewController.h */ = {isa = PBXFileReference; fileEncoding = 4; lastKnownFileType = sourcecode.c.h; path = MHEDBrowseFoodViewController.h; sourceTree = "<group>"; };
		6C2B76B218528F2800881902 /* MHEDBrowseFoodViewController.m */ = {isa = PBXFileReference; fileEncoding = 4; lastKnownFileType = sourcecode.c.objc; path = MHEDBrowseFoodViewController.m; sourceTree = "<group>"; };
		6C2B76B418528F3D00881902 /* MHEDBrowseSymptomsViewController.h */ = {isa = PBXFileReference; fileEncoding = 4; lastKnownFileType = sourcecode.c.h; path = MHEDBrowseSymptomsViewController.h; sourceTree = "<group>"; };
		6C2B76B518528F3D00881902 /* MHEDBrowseSymptomsViewController.m */ = {isa = PBXFileReference; fileEncoding = 4; lastKnownFileType = sourcecode.c.objc; path = MHEDBrowseSymptomsViewController.m; sourceTree = "<group>"; };
		6C2B76B71852C6EA00881902 /* MHEDBrowseMapViewController.h */ = {isa = PBXFileReference; fileEncoding = 4; lastKnownFileType = sourcecode.c.h; path = MHEDBrowseMapViewController.h; sourceTree = "<group>"; };
		6C2B76B81852C6EA00881902 /* MHEDBrowseMapViewController.m */ = {isa = PBXFileReference; fileEncoding = 4; lastKnownFileType = sourcecode.c.objc; path = MHEDBrowseMapViewController.m; sourceTree = "<group>"; };
		6C2B76BA1852C71B00881902 /* MHEDBrowseSymptomViewController.h */ = {isa = PBXFileReference; fileEncoding = 4; lastKnownFileType = sourcecode.c.h; path = MHEDBrowseSymptomViewController.h; sourceTree = "<group>"; };
		6C2B76BB1852C71B00881902 /* MHEDBrowseSymptomViewController.m */ = {isa = PBXFileReference; fileEncoding = 4; lastKnownFileType = sourcecode.c.objc; path = MHEDBrowseSymptomViewController.m; sourceTree = "<group>"; };
		6C2B76BD1853F7A900881902 /* MHEDTableViewController.h */ = {isa = PBXFileReference; fileEncoding = 4; lastKnownFileType = sourcecode.c.h; path = MHEDTableViewController.h; sourceTree = "<group>"; };
		6C2B76BE1853F7A900881902 /* MHEDTableViewController.m */ = {isa = PBXFileReference; fileEncoding = 4; lastKnownFileType = sourcecode.c.objc; path = MHEDTableViewController.m; sourceTree = "<group>"; };
		6C2B76C01854028800881902 /* MHEDCameraMealCaptureViewController.h */ = {isa = PBXFileReference; fileEncoding = 4; lastKnownFileType = sourcecode.c.h; path = MHEDCameraMealCaptureViewController.h; sourceTree = "<group>"; };
		6C2B76C11854028800881902 /* MHEDCameraMealCaptureViewController.m */ = {isa = PBXFileReference; fileEncoding = 4; lastKnownFileType = sourcecode.c.objc; path = MHEDCameraMealCaptureViewController.m; sourceTree = "<group>"; };
		6C2B76C3185402CF00881902 /* MHEDMealInformationEnterViewController.h */ = {isa = PBXFileReference; fileEncoding = 4; lastKnownFileType = sourcecode.c.h; path = MHEDMealInformationEnterViewController.h; sourceTree = "<group>"; };
		6C2B76C4185402CF00881902 /* MHEDMealInformationEnterViewController.m */ = {isa = PBXFileReference; fileEncoding = 4; lastKnownFileType = sourcecode.c.objc; path = MHEDMealInformationEnterViewController.m; sourceTree = "<group>"; };
		6C32A0C217AA93A0007E932D /* EDDocumentHandler.h */ = {isa = PBXFileReference; fileEncoding = 4; lastKnownFileType = sourcecode.c.h; path = EDDocumentHandler.h; sourceTree = "<group>"; };
		6C32A0C317AA93A0007E932D /* EDDocumentHandler.m */ = {isa = PBXFileReference; fileEncoding = 4; lastKnownFileType = sourcecode.c.objc; path = EDDocumentHandler.m; sourceTree = "<group>"; };
		6C35E18417C2A93A00AC4B74 /* NSSet+MHED_MoreSetOperations.h */ = {isa = PBXFileReference; fileEncoding = 4; lastKnownFileType = sourcecode.c.h; path = "NSSet+MHED_MoreSetOperations.h"; sourceTree = "<group>"; };
		6C35E18517C2A93A00AC4B74 /* NSSet+MHED_MoreSetOperations.m */ = {isa = PBXFileReference; fileEncoding = 4; lastKnownFileType = sourcecode.c.objc; path = "NSSet+MHED_MoreSetOperations.m"; sourceTree = "<group>"; };
		6C3619A618205CCF00791E49 /* EDTakeNewMedicationViewController.h */ = {isa = PBXFileReference; fileEncoding = 4; lastKnownFileType = sourcecode.c.h; path = EDTakeNewMedicationViewController.h; sourceTree = "<group>"; };
		6C3619A718205CCF00791E49 /* EDTakeNewMedicationViewController.m */ = {isa = PBXFileReference; fileEncoding = 4; lastKnownFileType = sourcecode.c.objc; path = EDTakeNewMedicationViewController.m; sourceTree = "<group>"; };
		6C3619A918205E5200791E49 /* EDEatNewMealViewController.h */ = {isa = PBXFileReference; fileEncoding = 4; lastKnownFileType = sourcecode.c.h; path = EDEatNewMealViewController.h; sourceTree = "<group>"; };
		6C3619AA18205E5200791E49 /* EDEatNewMealViewController.m */ = {isa = PBXFileReference; fileEncoding = 4; lastKnownFileType = sourcecode.c.objc; lineEnding = 0; path = EDEatNewMealViewController.m; sourceTree = "<group>"; xcLanguageSpecificationIdentifier = xcode.lang.objc; };
		6C3619B21821ED0F00791E49 /* EDAddTableViewController.h */ = {isa = PBXFileReference; fileEncoding = 4; lastKnownFileType = sourcecode.c.h; path = EDAddTableViewController.h; sourceTree = "<group>"; };
		6C3619B31821ED0F00791E49 /* EDAddTableViewController.m */ = {isa = PBXFileReference; fileEncoding = 4; lastKnownFileType = sourcecode.c.objc; path = EDAddTableViewController.m; sourceTree = "<group>"; };
		6C365D2D182C18B300DC9990 /* EDSelectTagsViewController.h */ = {isa = PBXFileReference; fileEncoding = 4; lastKnownFileType = sourcecode.c.h; path = EDSelectTagsViewController.h; sourceTree = "<group>"; };
		6C365D2E182C18B300DC9990 /* EDSelectTagsViewController.m */ = {isa = PBXFileReference; fileEncoding = 4; lastKnownFileType = sourcecode.c.objc; path = EDSelectTagsViewController.m; sourceTree = "<group>"; };
		6C3E83F5180D939C006CC09B /* EDSearchToEatViewController.h */ = {isa = PBXFileReference; fileEncoding = 4; lastKnownFileType = sourcecode.c.h; path = EDSearchToEatViewController.h; sourceTree = "<group>"; };
		6C3E83F6180D939C006CC09B /* EDSearchToEatViewController.m */ = {isa = PBXFileReference; fileEncoding = 4; lastKnownFileType = sourcecode.c.objc; path = EDSearchToEatViewController.m; sourceTree = "<group>"; };
		6C4C84FF183527BC00D8DDE7 /* EDImage+Methods.h */ = {isa = PBXFileReference; fileEncoding = 4; lastKnownFileType = sourcecode.c.h; path = "EDImage+Methods.h"; sourceTree = "<group>"; };
		6C4C8500183527BC00D8DDE7 /* EDImage+Methods.m */ = {isa = PBXFileReference; fileEncoding = 4; lastKnownFileType = sourcecode.c.objc; path = "EDImage+Methods.m"; sourceTree = "<group>"; };
		6C4DC04F17736E8F00AE401F /* UIView+MHED_AdjustView.h */ = {isa = PBXFileReference; fileEncoding = 4; lastKnownFileType = sourcecode.c.h; path = "UIView+MHED_AdjustView.h"; sourceTree = "<group>"; };
		6C4DC05017736E8F00AE401F /* UIView+MHED_AdjustView.m */ = {isa = PBXFileReference; fileEncoding = 4; lastKnownFileType = sourcecode.c.objc; path = "UIView+MHED_AdjustView.m"; sourceTree = "<group>"; };
		6C683D7817CE63CB00011ED5 /* EDFood+Methods.h */ = {isa = PBXFileReference; fileEncoding = 4; lastKnownFileType = sourcecode.c.h; path = "EDFood+Methods.h"; sourceTree = "<group>"; };
		6C683D7917CE63CB00011ED5 /* EDFood+Methods.m */ = {isa = PBXFileReference; fileEncoding = 4; lastKnownFileType = sourcecode.c.objc; path = "EDFood+Methods.m"; sourceTree = "<group>"; };
		6C683D7B17CE67C600011ED5 /* EDTag+Methods.h */ = {isa = PBXFileReference; fileEncoding = 4; lastKnownFileType = sourcecode.c.h; path = "EDTag+Methods.h"; sourceTree = "<group>"; };
		6C683D7C17CE67C600011ED5 /* EDTag+Methods.m */ = {isa = PBXFileReference; fileEncoding = 4; lastKnownFileType = sourcecode.c.objc; path = "EDTag+Methods.m"; sourceTree = "<group>"; };
		6C683D7E17CE9FF300011ED5 /* EDRestaurant+Methods.h */ = {isa = PBXFileReference; fileEncoding = 4; lastKnownFileType = sourcecode.c.h; path = "EDRestaurant+Methods.h"; sourceTree = "<group>"; };
		6C683D7F17CE9FF400011ED5 /* EDRestaurant+Methods.m */ = {isa = PBXFileReference; fileEncoding = 4; lastKnownFileType = sourcecode.c.objc; path = "EDRestaurant+Methods.m"; sourceTree = "<group>"; };
		6C75C36A18157CEB00676288 /* EDEliminatedAPI.h */ = {isa = PBXFileReference; fileEncoding = 4; lastKnownFileType = sourcecode.c.h; path = EDEliminatedAPI.h; sourceTree = "<group>"; };
		6C75C36B18157CEB00676288 /* EDEliminatedAPI.m */ = {isa = PBXFileReference; fileEncoding = 4; lastKnownFileType = sourcecode.c.objc; path = EDEliminatedAPI.m; sourceTree = "<group>"; };
		6C85479117E4FCFD005B06A6 /* EDLocation.h */ = {isa = PBXFileReference; fileEncoding = 4; lastKnownFileType = sourcecode.c.h; path = EDLocation.h; sourceTree = "<group>"; };
		6C85479217E4FCFD005B06A6 /* EDLocation.m */ = {isa = PBXFileReference; fileEncoding = 4; lastKnownFileType = sourcecode.c.objc; path = EDLocation.m; sourceTree = "<group>"; };
		6C8B3650181ABF8A00B022F3 /* EDEliminatedAPI+Fetching.h */ = {isa = PBXFileReference; fileEncoding = 4; lastKnownFileType = sourcecode.c.h; path = "EDEliminatedAPI+Fetching.h"; sourceTree = "<group>"; };
		6C8B3651181ABF8A00B022F3 /* EDEliminatedAPI+Fetching.m */ = {isa = PBXFileReference; fileEncoding = 4; lastKnownFileType = sourcecode.c.objc; path = "EDEliminatedAPI+Fetching.m"; sourceTree = "<group>"; };
		6C8B3654181ABFAA00B022F3 /* EDEliminatedAPI+Searching.h */ = {isa = PBXFileReference; fileEncoding = 4; lastKnownFileType = sourcecode.c.h; path = "EDEliminatedAPI+Searching.h"; sourceTree = "<group>"; };
		6C8B3655181ABFAA00B022F3 /* EDEliminatedAPI+Searching.m */ = {isa = PBXFileReference; fileEncoding = 4; lastKnownFileType = sourcecode.c.objc; path = "EDEliminatedAPI+Searching.m"; sourceTree = "<group>"; };
		6C8B3657181ACCB200B022F3 /* EDEliminatedAPI+Sorting.h */ = {isa = PBXFileReference; fileEncoding = 4; lastKnownFileType = sourcecode.c.h; path = "EDEliminatedAPI+Sorting.h"; sourceTree = "<group>"; };
		6C8B3658181ACCB200B022F3 /* EDEliminatedAPI+Sorting.m */ = {isa = PBXFileReference; fileEncoding = 4; lastKnownFileType = sourcecode.c.objc; path = "EDEliminatedAPI+Sorting.m"; sourceTree = "<group>"; };
		6C8B365A181ACCBE00B022F3 /* EDEliminatedAPI+Helpers.h */ = {isa = PBXFileReference; fileEncoding = 4; lastKnownFileType = sourcecode.c.h; path = "EDEliminatedAPI+Helpers.h"; sourceTree = "<group>"; };
		6C8B365B181ACCBE00B022F3 /* EDEliminatedAPI+Helpers.m */ = {isa = PBXFileReference; fileEncoding = 4; lastKnownFileType = sourcecode.c.objc; path = "EDEliminatedAPI+Helpers.m"; sourceTree = "<group>"; };
		6C8B78B1182D489A008603CF /* EDCameraViewController.h */ = {isa = PBXFileReference; fileEncoding = 4; lastKnownFileType = sourcecode.c.h; path = EDCameraViewController.h; sourceTree = "<group>"; };
		6C8B78B2182D489A008603CF /* EDCameraViewController.m */ = {isa = PBXFileReference; fileEncoding = 4; lastKnownFileType = sourcecode.c.objc; path = EDCameraViewController.m; sourceTree = "<group>"; };
		6C8CF33E176BAB7C0080F3F2 /* NSString+MHED_EatDate.h */ = {isa = PBXFileReference; fileEncoding = 4; lastKnownFileType = sourcecode.c.h; path = "NSString+MHED_EatDate.h"; sourceTree = "<group>"; };
		6C8CF33F176BAB7C0080F3F2 /* NSString+MHED_EatDate.m */ = {isa = PBXFileReference; fileEncoding = 4; lastKnownFileType = sourcecode.c.objc; path = "NSString+MHED_EatDate.m"; sourceTree = "<group>"; };
		6CA03B32184FB96500057CA3 /* NSArray+MHED_Methods.h */ = {isa = PBXFileReference; fileEncoding = 4; lastKnownFileType = sourcecode.c.h; path = "NSArray+MHED_Methods.h"; sourceTree = "<group>"; };
		6CA03B33184FB96500057CA3 /* NSArray+MHED_Methods.m */ = {isa = PBXFileReference; fileEncoding = 4; lastKnownFileType = sourcecode.c.objc; path = "NSArray+MHED_Methods.m"; sourceTree = "<group>"; };
		6CA03B3518511FCE00057CA3 /* MHEDBrowseViewController.h */ = {isa = PBXFileReference; fileEncoding = 4; lastKnownFileType = sourcecode.c.h; path = MHEDBrowseViewController.h; sourceTree = "<group>"; };
		6CA03B3618511FCE00057CA3 /* MHEDBrowseViewController.m */ = {isa = PBXFileReference; fileEncoding = 4; lastKnownFileType = sourcecode.c.objc; path = MHEDBrowseViewController.m; sourceTree = "<group>"; };
		6CAB9CE117A005E500988074 /* CoreData.framework */ = {isa = PBXFileReference; lastKnownFileType = wrapper.framework; name = CoreData.framework; path = System/Library/Frameworks/CoreData.framework; sourceTree = SDKROOT; };
		6CAB9CE417A0062100988074 /* EDDataModel.xcdatamodel */ = {isa = PBXFileReference; lastKnownFileType = wrapper.xcdatamodel; path = EDDataModel.xcdatamodel; sourceTree = "<group>"; };
		6CAD6A1517CBC2BF007B2087 /* NSError+MHED_MultipleErrors.h */ = {isa = PBXFileReference; fileEncoding = 4; lastKnownFileType = sourcecode.c.h; path = "NSError+MHED_MultipleErrors.h"; sourceTree = "<group>"; };
		6CAD6A1617CBC2BF007B2087 /* NSError+MHED_MultipleErrors.m */ = {isa = PBXFileReference; fileEncoding = 4; lastKnownFileType = sourcecode.c.objc; path = "NSError+MHED_MultipleErrors.m"; sourceTree = "<group>"; };
		6CADA0B91831210700A9C6AA /* EDMedication.h */ = {isa = PBXFileReference; fileEncoding = 4; lastKnownFileType = sourcecode.c.h; path = EDMedication.h; sourceTree = "<group>"; };
		6CADA0BA1831210700A9C6AA /* EDMedication.m */ = {isa = PBXFileReference; fileEncoding = 4; lastKnownFileType = sourcecode.c.objc; path = EDMedication.m; sourceTree = "<group>"; };
		6CADA0BC1831210800A9C6AA /* EDMeal.h */ = {isa = PBXFileReference; fileEncoding = 4; lastKnownFileType = sourcecode.c.h; path = EDMeal.h; sourceTree = "<group>"; };
		6CADA0BD1831210800A9C6AA /* EDMeal.m */ = {isa = PBXFileReference; fileEncoding = 4; lastKnownFileType = sourcecode.c.objc; path = EDMeal.m; sourceTree = "<group>"; };
		6CADA0C21831211B00A9C6AA /* EDEatenMeal.h */ = {isa = PBXFileReference; fileEncoding = 4; lastKnownFileType = sourcecode.c.h; path = EDEatenMeal.h; sourceTree = "<group>"; };
		6CADA0C31831211B00A9C6AA /* EDEatenMeal.m */ = {isa = PBXFileReference; fileEncoding = 4; lastKnownFileType = sourcecode.c.objc; path = EDEatenMeal.m; sourceTree = "<group>"; };
		6CADA0C8183134EE00A9C6AA /* EDRestaurant.h */ = {isa = PBXFileReference; fileEncoding = 4; lastKnownFileType = sourcecode.c.h; path = EDRestaurant.h; sourceTree = "<group>"; };
		6CADA0C9183134EE00A9C6AA /* EDRestaurant.m */ = {isa = PBXFileReference; fileEncoding = 4; lastKnownFileType = sourcecode.c.objc; path = EDRestaurant.m; sourceTree = "<group>"; };
		6CADA0CB183134FD00A9C6AA /* EDTakenMedication.h */ = {isa = PBXFileReference; fileEncoding = 4; lastKnownFileType = sourcecode.c.h; path = EDTakenMedication.h; sourceTree = "<group>"; };
		6CADA0CC183134FD00A9C6AA /* EDTakenMedication.m */ = {isa = PBXFileReference; fileEncoding = 4; lastKnownFileType = sourcecode.c.objc; path = EDTakenMedication.m; sourceTree = "<group>"; };
		6CADA0CF183172CE00A9C6AA /* iCarousel.h */ = {isa = PBXFileReference; fileEncoding = 4; lastKnownFileType = sourcecode.c.h; path = iCarousel.h; sourceTree = "<group>"; };
		6CADA0D0183172CE00A9C6AA /* iCarousel.m */ = {isa = PBXFileReference; fileEncoding = 4; lastKnownFileType = sourcecode.c.objc; path = iCarousel.m; sourceTree = "<group>"; };
		6CADA0D21831730500A9C6AA /* QuartzCore.framework */ = {isa = PBXFileReference; lastKnownFileType = wrapper.framework; name = QuartzCore.framework; path = System/Library/Frameworks/QuartzCore.framework; sourceTree = SDKROOT; };
		6CADA0D41832A10500A9C6AA /* UIImage+MHED_fixOrientation.h */ = {isa = PBXFileReference; fileEncoding = 4; lastKnownFileType = sourcecode.c.h; path = "UIImage+MHED_fixOrientation.h"; sourceTree = "<group>"; };
		6CADA0D51832A10500A9C6AA /* UIImage+MHED_fixOrientation.m */ = {isa = PBXFileReference; fileEncoding = 4; lastKnownFileType = sourcecode.c.objc; path = "UIImage+MHED_fixOrientation.m"; sourceTree = "<group>"; };
		6CADA0D71832B9F900A9C6AA /* EDShowHideCell.h */ = {isa = PBXFileReference; fileEncoding = 4; lastKnownFileType = sourcecode.c.h; path = EDShowHideCell.h; sourceTree = "<group>"; };
		6CADA0D81832B9F900A9C6AA /* EDShowHideCell.m */ = {isa = PBXFileReference; fileEncoding = 4; lastKnownFileType = sourcecode.c.objc; path = EDShowHideCell.m; sourceTree = "<group>"; };
		6CAE73FC18046B020062E12C /* EDMealAndMedicationSegmentedControlCell.h */ = {isa = PBXFileReference; fileEncoding = 4; lastKnownFileType = sourcecode.c.h; path = EDMealAndMedicationSegmentedControlCell.h; sourceTree = "<group>"; };
		6CAE73FD18046B020062E12C /* EDMealAndMedicationSegmentedControlCell.m */ = {isa = PBXFileReference; fileEncoding = 4; lastKnownFileType = sourcecode.c.objc; path = EDMealAndMedicationSegmentedControlCell.m; sourceTree = "<group>"; };
		6CAE73FF18046C730062E12C /* EDImageAndNameCell.h */ = {isa = PBXFileReference; fileEncoding = 4; lastKnownFileType = sourcecode.c.h; path = EDImageAndNameCell.h; sourceTree = "<group>"; };
		6CAE740018046C730062E12C /* EDImageAndNameCell.m */ = {isa = PBXFileReference; fileEncoding = 4; lastKnownFileType = sourcecode.c.objc; path = EDImageAndNameCell.m; sourceTree = "<group>"; };
		6CAE740218046D260062E12C /* EDTagCell.h */ = {isa = PBXFileReference; fileEncoding = 4; lastKnownFileType = sourcecode.c.h; path = EDTagCell.h; sourceTree = "<group>"; };
		6CAE740318046D260062E12C /* EDTagCell.m */ = {isa = PBXFileReference; fileEncoding = 4; lastKnownFileType = sourcecode.c.objc; path = EDTagCell.m; sourceTree = "<group>"; };
		6CAEC08E17A843AD00649199 /* EDEatenMeal+Methods.h */ = {isa = PBXFileReference; fileEncoding = 4; lastKnownFileType = sourcecode.c.h; path = "EDEatenMeal+Methods.h"; sourceTree = "<group>"; };
		6CAEC08F17A843AD00649199 /* EDEatenMeal+Methods.m */ = {isa = PBXFileReference; fileEncoding = 4; lastKnownFileType = sourcecode.c.objc; path = "EDEatenMeal+Methods.m"; sourceTree = "<group>"; };
		6CAEC09717A8441500649199 /* EDHadSymptom+Methods.h */ = {isa = PBXFileReference; fileEncoding = 4; lastKnownFileType = sourcecode.c.h; path = "EDHadSymptom+Methods.h"; sourceTree = "<group>"; };
		6CAEC09817A8441600649199 /* EDHadSymptom+Methods.m */ = {isa = PBXFileReference; fileEncoding = 4; lastKnownFileType = sourcecode.c.objc; path = "EDHadSymptom+Methods.m"; sourceTree = "<group>"; };
		6CAEC09D17A844D200649199 /* EDIngredient+Methods.h */ = {isa = PBXFileReference; fileEncoding = 4; lastKnownFileType = sourcecode.c.h; path = "EDIngredient+Methods.h"; sourceTree = "<group>"; };
		6CAEC09E17A844D300649199 /* EDIngredient+Methods.m */ = {isa = PBXFileReference; fileEncoding = 4; lastKnownFileType = sourcecode.c.objc; path = "EDIngredient+Methods.m"; sourceTree = "<group>"; };
		6CAEC0A317A8452400649199 /* EDMeal+Methods.h */ = {isa = PBXFileReference; fileEncoding = 4; lastKnownFileType = sourcecode.c.h; path = "EDMeal+Methods.h"; sourceTree = "<group>"; };
		6CAEC0A417A8452400649199 /* EDMeal+Methods.m */ = {isa = PBXFileReference; fileEncoding = 4; lastKnownFileType = sourcecode.c.objc; path = "EDMeal+Methods.m"; sourceTree = "<group>"; };
		6CAEC0A917A8454D00649199 /* EDSymptom+Methods.h */ = {isa = PBXFileReference; fileEncoding = 4; lastKnownFileType = sourcecode.c.h; path = "EDSymptom+Methods.h"; sourceTree = "<group>"; };
		6CAEC0AA17A8454E00649199 /* EDSymptom+Methods.m */ = {isa = PBXFileReference; fileEncoding = 4; lastKnownFileType = sourcecode.c.objc; path = "EDSymptom+Methods.m"; sourceTree = "<group>"; };
		6CAEC0AC17A8456200649199 /* EDType+Methods.h */ = {isa = PBXFileReference; fileEncoding = 4; lastKnownFileType = sourcecode.c.h; path = "EDType+Methods.h"; sourceTree = "<group>"; };
		6CAEC0AD17A8456500649199 /* EDType+Methods.m */ = {isa = PBXFileReference; fileEncoding = 4; lastKnownFileType = sourcecode.c.objc; path = "EDType+Methods.m"; sourceTree = "<group>"; };
		6CB51B5D17CF318500F58122 /* EDEliminatedFood+Ingredients.h */ = {isa = PBXFileReference; fileEncoding = 4; lastKnownFileType = sourcecode.c.h; path = "EDEliminatedFood+Ingredients.h"; sourceTree = "<group>"; };
		6CB51B5E17CF318500F58122 /* EDEliminatedFood+Ingredients.m */ = {isa = PBXFileReference; fileEncoding = 4; lastKnownFileType = sourcecode.c.objc; path = "EDEliminatedFood+Ingredients.m"; sourceTree = "<group>"; };
		6CB51B6017CF319900F58122 /* EDEliminatedFood+Types.h */ = {isa = PBXFileReference; fileEncoding = 4; lastKnownFileType = sourcecode.c.h; path = "EDEliminatedFood+Types.h"; sourceTree = "<group>"; };
		6CB51B6117CF319900F58122 /* EDEliminatedFood+Types.m */ = {isa = PBXFileReference; fileEncoding = 4; lastKnownFileType = sourcecode.c.objc; path = "EDEliminatedFood+Types.m"; sourceTree = "<group>"; };
		6CB51B6317CF31A100F58122 /* EDEliminatedFood+Methods.h */ = {isa = PBXFileReference; fileEncoding = 4; lastKnownFileType = sourcecode.c.h; path = "EDEliminatedFood+Methods.h"; sourceTree = "<group>"; };
		6CB51B6417CF31A100F58122 /* EDEliminatedFood+Methods.m */ = {isa = PBXFileReference; fileEncoding = 4; lastKnownFileType = sourcecode.c.objc; path = "EDEliminatedFood+Methods.m"; sourceTree = "<group>"; };
		6CB51B6617CF31A900F58122 /* EDEliminatedFood+Restaurants.h */ = {isa = PBXFileReference; fileEncoding = 4; lastKnownFileType = sourcecode.c.h; path = "EDEliminatedFood+Restaurants.h"; sourceTree = "<group>"; };
		6CB51B6717CF31A900F58122 /* EDEliminatedFood+Restaurants.m */ = {isa = PBXFileReference; fileEncoding = 4; lastKnownFileType = sourcecode.c.objc; path = "EDEliminatedFood+Restaurants.m"; sourceTree = "<group>"; };
		6CB51B6917CF327800F58122 /* EDEliminatedFood+Meals.h */ = {isa = PBXFileReference; fileEncoding = 4; lastKnownFileType = sourcecode.c.h; path = "EDEliminatedFood+Meals.h"; sourceTree = "<group>"; };
		6CB51B6A17CF327800F58122 /* EDEliminatedFood+Meals.m */ = {isa = PBXFileReference; fileEncoding = 4; lastKnownFileType = sourcecode.c.objc; path = "EDEliminatedFood+Meals.m"; sourceTree = "<group>"; };
		6CBE2F0D1829495B00854B64 /* EDBasicPhotoCreateViewController.h */ = {isa = PBXFileReference; fileEncoding = 4; lastKnownFileType = sourcecode.c.h; path = EDBasicPhotoCreateViewController.h; sourceTree = "<group>"; };
		6CBE2F0E1829495B00854B64 /* EDBasicPhotoCreateViewController.m */ = {isa = PBXFileReference; fileEncoding = 4; lastKnownFileType = sourcecode.c.objc; path = EDBasicPhotoCreateViewController.m; sourceTree = "<group>"; };
		6CBE2F14182951E500854B64 /* EDReminderCell.h */ = {isa = PBXFileReference; fileEncoding = 4; lastKnownFileType = sourcecode.c.h; path = EDReminderCell.h; sourceTree = "<group>"; };
		6CBE2F15182951E500854B64 /* EDReminderCell.m */ = {isa = PBXFileReference; fileEncoding = 4; lastKnownFileType = sourcecode.c.objc; path = EDReminderCell.m; sourceTree = "<group>"; };
		6CBE2F171829520E00854B64 /* EDImageButtonCell.h */ = {isa = PBXFileReference; fileEncoding = 4; lastKnownFileType = sourcecode.c.h; path = EDImageButtonCell.h; sourceTree = "<group>"; };
		6CBE2F181829520E00854B64 /* EDImageButtonCell.m */ = {isa = PBXFileReference; fileEncoding = 4; lastKnownFileType = sourcecode.c.objc; path = EDImageButtonCell.m; sourceTree = "<group>"; };
		6CBE2F1A1829523000854B64 /* EDLargeImageCell.h */ = {isa = PBXFileReference; fileEncoding = 4; lastKnownFileType = sourcecode.c.h; path = EDLargeImageCell.h; sourceTree = "<group>"; };
		6CBE2F1B1829523000854B64 /* EDLargeImageCell.m */ = {isa = PBXFileReference; fileEncoding = 4; lastKnownFileType = sourcecode.c.objc; path = EDLargeImageCell.m; sourceTree = "<group>"; };
		6CBE2F1D18297C6700854B64 /* EDNewFoodFromPicturesViewController.h */ = {isa = PBXFileReference; fileEncoding = 4; lastKnownFileType = sourcecode.c.h; path = EDNewFoodFromPicturesViewController.h; sourceTree = "<group>"; };
		6CBE2F1E18297C6700854B64 /* EDNewFoodFromPicturesViewController.m */ = {isa = PBXFileReference; fileEncoding = 4; lastKnownFileType = sourcecode.c.objc; path = EDNewFoodFromPicturesViewController.m; sourceTree = "<group>"; };
		6CC0E8221836836A004CC620 /* MobileCoreServices.framework */ = {isa = PBXFileReference; lastKnownFileType = wrapper.framework; name = MobileCoreServices.framework; path = System/Library/Frameworks/MobileCoreServices.framework; sourceTree = SDKROOT; };
		6CC0E824183AB2E9004CC620 /* EDStatusViewController.h */ = {isa = PBXFileReference; fileEncoding = 4; lastKnownFileType = sourcecode.c.h; path = EDStatusViewController.h; sourceTree = "<group>"; };
		6CC0E825183AB2E9004CC620 /* EDStatusViewController.m */ = {isa = PBXFileReference; fileEncoding = 4; lastKnownFileType = sourcecode.c.objc; path = EDStatusViewController.m; sourceTree = "<group>"; };
		6CC20F5017E39756005CA809 /* EDLocation+Methods.h */ = {isa = PBXFileReference; fileEncoding = 4; lastKnownFileType = sourcecode.c.h; path = "EDLocation+Methods.h"; sourceTree = "<group>"; };
		6CC20F5117E39756005CA809 /* EDLocation+Methods.m */ = {isa = PBXFileReference; fileEncoding = 4; lastKnownFileType = sourcecode.c.objc; path = "EDLocation+Methods.m"; sourceTree = "<group>"; };
		6CC20F5917E398BE005CA809 /* CoreLocation.framework */ = {isa = PBXFileReference; lastKnownFileType = wrapper.framework; name = CoreLocation.framework; path = System/Library/Frameworks/CoreLocation.framework; sourceTree = SDKROOT; };
		6CC20F5B17E398C3005CA809 /* MapKit.framework */ = {isa = PBXFileReference; lastKnownFileType = wrapper.framework; name = MapKit.framework; path = System/Library/Frameworks/MapKit.framework; sourceTree = SDKROOT; };
		6CD236CC1834817600102959 /* EDImage.h */ = {isa = PBXFileReference; fileEncoding = 4; lastKnownFileType = sourcecode.c.h; path = EDImage.h; sourceTree = "<group>"; };
		6CD236CD1834817600102959 /* EDImage.m */ = {isa = PBXFileReference; fileEncoding = 4; lastKnownFileType = sourcecode.c.objc; path = EDImage.m; sourceTree = "<group>"; };
		6CD236CF1834818C00102959 /* EDFood.h */ = {isa = PBXFileReference; fileEncoding = 4; lastKnownFileType = sourcecode.c.h; path = EDFood.h; sourceTree = "<group>"; };
		6CD236D01834818C00102959 /* EDFood.m */ = {isa = PBXFileReference; fileEncoding = 4; lastKnownFileType = sourcecode.c.objc; path = EDFood.m; sourceTree = "<group>"; };
		6CD321B017E0BB2F0085922F /* EDType.h */ = {isa = PBXFileReference; fileEncoding = 4; lastKnownFileType = sourcecode.c.h; path = EDType.h; sourceTree = "<group>"; };
		6CD321B117E0BB2F0085922F /* EDType.m */ = {isa = PBXFileReference; fileEncoding = 4; lastKnownFileType = sourcecode.c.objc; path = EDType.m; sourceTree = "<group>"; };
		6CE51DCE183E9E21004C7ABC /* EDDataModel 2.xcdatamodel */ = {isa = PBXFileReference; lastKnownFileType = wrapper.xcdatamodel; path = "EDDataModel 2.xcdatamodel"; sourceTree = "<group>"; };
		6CE51DD2183EA848004C7ABC /* EDHadSymptom.h */ = {isa = PBXFileReference; fileEncoding = 4; lastKnownFileType = sourcecode.c.h; path = EDHadSymptom.h; sourceTree = "<group>"; };
		6CE51DD3183EA848004C7ABC /* EDHadSymptom.m */ = {isa = PBXFileReference; fileEncoding = 4; lastKnownFileType = sourcecode.c.objc; path = EDHadSymptom.m; sourceTree = "<group>"; };
		6CE51DD8183EA848004C7ABC /* EDSymptomDescription.h */ = {isa = PBXFileReference; fileEncoding = 4; lastKnownFileType = sourcecode.c.h; path = EDSymptomDescription.h; sourceTree = "<group>"; };
		6CE51DD9183EA848004C7ABC /* EDSymptomDescription.m */ = {isa = PBXFileReference; fileEncoding = 4; lastKnownFileType = sourcecode.c.objc; path = EDSymptomDescription.m; sourceTree = "<group>"; };
		6CE51DDB183EA9BD004C7ABC /* EDBodyPart+Methods.h */ = {isa = PBXFileReference; fileEncoding = 4; lastKnownFileType = sourcecode.c.h; path = "EDBodyPart+Methods.h"; sourceTree = "<group>"; };
		6CE51DDC183EA9BD004C7ABC /* EDBodyPart+Methods.m */ = {isa = PBXFileReference; fileEncoding = 4; lastKnownFileType = sourcecode.c.objc; path = "EDBodyPart+Methods.m"; sourceTree = "<group>"; };
		6CE51DDE183EA9D9004C7ABC /* EDSymptomDescription+Methods.h */ = {isa = PBXFileReference; fileEncoding = 4; lastKnownFileType = sourcecode.c.h; path = "EDSymptomDescription+Methods.h"; sourceTree = "<group>"; };
		6CE51DDF183EA9D9004C7ABC /* EDSymptomDescription+Methods.m */ = {isa = PBXFileReference; fileEncoding = 4; lastKnownFileType = sourcecode.c.objc; path = "EDSymptomDescription+Methods.m"; sourceTree = "<group>"; };
		6CE51DE4183EB5E6004C7ABC /* EDSymptom.h */ = {isa = PBXFileReference; fileEncoding = 4; lastKnownFileType = sourcecode.c.h; path = EDSymptom.h; sourceTree = "<group>"; };
		6CE51DE5183EB5E6004C7ABC /* EDSymptom.m */ = {isa = PBXFileReference; fileEncoding = 4; lastKnownFileType = sourcecode.c.objc; path = EDSymptom.m; sourceTree = "<group>"; };
		6CE51DED183FCEB2004C7ABC /* EDBodyPart.h */ = {isa = PBXFileReference; fileEncoding = 4; lastKnownFileType = sourcecode.c.h; path = EDBodyPart.h; sourceTree = "<group>"; };
		6CE51DEE183FCEB2004C7ABC /* EDBodyPart.m */ = {isa = PBXFileReference; fileEncoding = 4; lastKnownFileType = sourcecode.c.objc; path = EDBodyPart.m; sourceTree = "<group>"; };
		6CE51DF0183FCECC004C7ABC /* EDBodyLocation+Methods.h */ = {isa = PBXFileReference; fileEncoding = 4; lastKnownFileType = sourcecode.c.h; path = "EDBodyLocation+Methods.h"; sourceTree = "<group>"; };
		6CE51DF1183FCECC004C7ABC /* EDBodyLocation+Methods.m */ = {isa = PBXFileReference; fileEncoding = 4; lastKnownFileType = sourcecode.c.objc; path = "EDBodyLocation+Methods.m"; sourceTree = "<group>"; };
		6CE51DF6183FD5AD004C7ABC /* EDBodyLocation.h */ = {isa = PBXFileReference; fileEncoding = 4; lastKnownFileType = sourcecode.c.h; path = EDBodyLocation.h; sourceTree = "<group>"; };
		6CE51DF7183FD5AD004C7ABC /* EDBodyLocation.m */ = {isa = PBXFileReference; fileEncoding = 4; lastKnownFileType = sourcecode.c.objc; path = EDBodyLocation.m; sourceTree = "<group>"; };
		6CED58881763FA3F005BFF76 /* The Elimination Diet.app */ = {isa = PBXFileReference; explicitFileType = wrapper.application; includeInIndex = 0; path = "The Elimination Diet.app"; sourceTree = BUILT_PRODUCTS_DIR; };
		6CED588B1763FA3F005BFF76 /* UIKit.framework */ = {isa = PBXFileReference; lastKnownFileType = wrapper.framework; name = UIKit.framework; path = System/Library/Frameworks/UIKit.framework; sourceTree = SDKROOT; };
		6CED588D1763FA3F005BFF76 /* Foundation.framework */ = {isa = PBXFileReference; lastKnownFileType = wrapper.framework; name = Foundation.framework; path = System/Library/Frameworks/Foundation.framework; sourceTree = SDKROOT; };
		6CED588F1763FA3F005BFF76 /* CoreGraphics.framework */ = {isa = PBXFileReference; lastKnownFileType = wrapper.framework; name = CoreGraphics.framework; path = System/Library/Frameworks/CoreGraphics.framework; sourceTree = SDKROOT; };
		6CED58931763FA3F005BFF76 /* The Elimination Diet-Info.plist */ = {isa = PBXFileReference; lastKnownFileType = text.plist.xml; path = "The Elimination Diet-Info.plist"; sourceTree = "<group>"; };
		6CED58951763FA3F005BFF76 /* en */ = {isa = PBXFileReference; lastKnownFileType = text.plist.strings; name = en; path = en.lproj/InfoPlist.strings; sourceTree = "<group>"; };
		6CED58971763FA3F005BFF76 /* main.m */ = {isa = PBXFileReference; lastKnownFileType = sourcecode.c.objc; path = main.m; sourceTree = "<group>"; };
		6CED58991763FA3F005BFF76 /* The Elimination Diet-Prefix.pch */ = {isa = PBXFileReference; lastKnownFileType = sourcecode.c.h; path = "The Elimination Diet-Prefix.pch"; sourceTree = "<group>"; };
		6CED589A1763FA3F005BFF76 /* EDAppDelegate.h */ = {isa = PBXFileReference; lastKnownFileType = sourcecode.c.h; path = EDAppDelegate.h; sourceTree = "<group>"; };
		6CED589B1763FA3F005BFF76 /* EDAppDelegate.m */ = {isa = PBXFileReference; lastKnownFileType = sourcecode.c.objc; path = EDAppDelegate.m; sourceTree = "<group>"; };
		6CED589D1763FA3F005BFF76 /* Default.png */ = {isa = PBXFileReference; lastKnownFileType = image.png; path = Default.png; sourceTree = "<group>"; };
		6CED589F1763FA3F005BFF76 /* Default@2x.png */ = {isa = PBXFileReference; lastKnownFileType = image.png; path = "Default@2x.png"; sourceTree = "<group>"; };
		6CED58A11763FA3F005BFF76 /* Default-568h@2x.png */ = {isa = PBXFileReference; lastKnownFileType = image.png; path = "Default-568h@2x.png"; sourceTree = "<group>"; };
/* End PBXFileReference section */

/* Begin PBXFrameworksBuildPhase section */
		6CED58851763FA3F005BFF76 /* Frameworks */ = {
			isa = PBXFrameworksBuildPhase;
			buildActionMask = 2147483647;
			files = (
				6CC0E8231836836A004CC620 /* MobileCoreServices.framework in Frameworks */,
				6CADA0D31831730500A9C6AA /* QuartzCore.framework in Frameworks */,
				6CC20F5C17E398C3005CA809 /* MapKit.framework in Frameworks */,
				6CC20F5A17E398BE005CA809 /* CoreLocation.framework in Frameworks */,
				6CAB9CE217A005E500988074 /* CoreData.framework in Frameworks */,
				6CED588C1763FA3F005BFF76 /* UIKit.framework in Frameworks */,
				6CED588E1763FA3F005BFF76 /* Foundation.framework in Frameworks */,
				6CED58901763FA3F005BFF76 /* CoreGraphics.framework in Frameworks */,
			);
			runOnlyForDeploymentPostprocessing = 0;
		};
/* End PBXFrameworksBuildPhase section */

/* Begin PBXGroup section */
		6C0842D417B43B8C006169F2 /* Core Data */ = {
			isa = PBXGroup;
			children = (
				6C08B5F117AAF955006F223B /* EDCoreDataTableViewController.h */,
				6C08B5F217AAF955006F223B /* EDCoreDataTableViewController.m */,
				6C08ABAE17B0BB0B00A8DBF8 /* EDMultipleCoreDataTableViewController.h */,
				6C08ABAF17B0BB0B00A8DBF8 /* EDMultipleCoreDataTableViewController.m */,
			);
			name = "Core Data";
			sourceTree = "<group>";
		};
		6C0A0FB917DA24EF00954302 /* Symptoms */ = {
			isa = PBXGroup;
			children = (
				6CE51DF6183FD5AD004C7ABC /* EDBodyLocation.h */,
				6CE51DF7183FD5AD004C7ABC /* EDBodyLocation.m */,
				6CE51DF0183FCECC004C7ABC /* EDBodyLocation+Methods.h */,
				6CE51DF1183FCECC004C7ABC /* EDBodyLocation+Methods.m */,
				6CE51DDB183EA9BD004C7ABC /* EDBodyPart+Methods.h */,
				6CE51DDC183EA9BD004C7ABC /* EDBodyPart+Methods.m */,
				6CE51DED183FCEB2004C7ABC /* EDBodyPart.h */,
				6CE51DEE183FCEB2004C7ABC /* EDBodyPart.m */,
				6CAEC0A917A8454D00649199 /* EDSymptom+Methods.h */,
				6CAEC0AA17A8454E00649199 /* EDSymptom+Methods.m */,
				6CE51DE4183EB5E6004C7ABC /* EDSymptom.h */,
				6CE51DE5183EB5E6004C7ABC /* EDSymptom.m */,
				6CE51DDE183EA9D9004C7ABC /* EDSymptomDescription+Methods.h */,
				6CE51DDF183EA9D9004C7ABC /* EDSymptomDescription+Methods.m */,
				6CE51DD8183EA848004C7ABC /* EDSymptomDescription.h */,
				6CE51DD9183EA848004C7ABC /* EDSymptomDescription.m */,
			);
			name = Symptoms;
			sourceTree = "<group>";
		};
		6C1354CB17F3547200AD6A4E /* User Interface */ = {
			isa = PBXGroup;
			children = (
				6C2B76C01854028800881902 /* MHEDCameraMealCaptureViewController.h */,
				6C2B76C11854028800881902 /* MHEDCameraMealCaptureViewController.m */,
				6C2B76C3185402CF00881902 /* MHEDMealInformationEnterViewController.h */,
				6C2B76C4185402CF00881902 /* MHEDMealInformationEnterViewController.m */,
				6C3E83F8180D93A2006CC09B /* 0.2 */,
				6CA03B3818511FD800057CA3 /* Browsing And Selection */,
				6C0842D417B43B8C006169F2 /* Core Data */,
				6CBE2F0D1829495B00854B64 /* EDBasicPhotoCreateViewController.h */,
				6CBE2F0E1829495B00854B64 /* EDBasicPhotoCreateViewController.m */,
				6C8B78B1182D489A008603CF /* EDCameraViewController.h */,
				6C8B78B2182D489A008603CF /* EDCameraViewController.m */,
				6C365D2D182C18B300DC9990 /* EDSelectTagsViewController.h */,
				6C365D2E182C18B300DC9990 /* EDSelectTagsViewController.m */,
				6CC0E824183AB2E9004CC620 /* EDStatusViewController.h */,
				6CC0E825183AB2E9004CC620 /* EDStatusViewController.m */,
				6C10D5021827E374000F247F /* EDTableComponents.h */,
				6C10D5031827E374000F247F /* EDTableComponents.m */,
				6CADA0CE183172CE00A9C6AA /* iCarousel */,
				6C1354C917F3533700AD6A4E /* Storyboard.storyboard */,
				6C2B76BD1853F7A900881902 /* MHEDTableViewController.h */,
				6C2B76BE1853F7A900881902 /* MHEDTableViewController.m */,
			);
			name = "User Interface";
			sourceTree = "<group>";
		};
		6C2B76AC1852513B00881902 /* Creation Views */ = {
			isa = PBXGroup;
			children = (
				6CBE2F10182951BB00854B64 /* Custom Cells */,
			);
			name = "Creation Views";
			sourceTree = "<group>";
		};
		6C2B76AD185257E400881902 /* Helpers */ = {
			isa = PBXGroup;
			children = (
				6C32A0C217AA93A0007E932D /* EDDocumentHandler.h */,
				6C32A0C317AA93A0007E932D /* EDDocumentHandler.m */,
				6CAD869F17CBF6F300E6E7F5 /* Foundation Categories */,
				6C8B3653181ABF9700B022F3 /* API */,
			);
			name = Helpers;
			sourceTree = "<group>";
		};
		6C3E83F8180D93A2006CC09B /* 0.2 */ = {
			isa = PBXGroup;
			children = (
				6C2B76AC1852513B00881902 /* Creation Views */,
				6C1070841803427F000D3251 /* EDEatNewFoodViewController.h */,
				6C1070851803427F000D3251 /* EDEatNewFoodViewController.m */,
				6C3619A918205E5200791E49 /* EDEatNewMealViewController.h */,
				6C3619AA18205E5200791E49 /* EDEatNewMealViewController.m */,
				6CBE2F1D18297C6700854B64 /* EDNewFoodFromPicturesViewController.h */,
				6CBE2F1E18297C6700854B64 /* EDNewFoodFromPicturesViewController.m */,
				6C3E83F5180D939C006CC09B /* EDSearchToEatViewController.h */,
				6C3E83F6180D939C006CC09B /* EDSearchToEatViewController.m */,
				6C3619A618205CCF00791E49 /* EDTakeNewMedicationViewController.h */,
				6C3619A718205CCF00791E49 /* EDTakeNewMedicationViewController.m */,
			);
			name = 0.2;
			sourceTree = "<group>";
		};
		6C8B3653181ABF9700B022F3 /* API */ = {
			isa = PBXGroup;
			children = (
				6C8B3650181ABF8A00B022F3 /* EDEliminatedAPI+Fetching.h */,
				6C8B3651181ABF8A00B022F3 /* EDEliminatedAPI+Fetching.m */,
				6C75C36A18157CEB00676288 /* EDEliminatedAPI.h */,
				6C75C36B18157CEB00676288 /* EDEliminatedAPI.m */,
				6C8B3654181ABFAA00B022F3 /* EDEliminatedAPI+Searching.h */,
				6C8B3655181ABFAA00B022F3 /* EDEliminatedAPI+Searching.m */,
				6C8B3657181ACCB200B022F3 /* EDEliminatedAPI+Sorting.h */,
				6C8B3658181ACCB200B022F3 /* EDEliminatedAPI+Sorting.m */,
				6C8B365A181ACCBE00B022F3 /* EDEliminatedAPI+Helpers.h */,
				6C8B365B181ACCBE00B022F3 /* EDEliminatedAPI+Helpers.m */,
			);
			name = API;
			sourceTree = "<group>";
		};
		6CA03B3818511FD800057CA3 /* Browsing And Selection */ = {
			isa = PBXGroup;
			children = (
				6C2B76B118528F2800881902 /* MHEDBrowseFoodViewController.h */,
				6C2B76B218528F2800881902 /* MHEDBrowseFoodViewController.m */,
				6C2B76B418528F3D00881902 /* MHEDBrowseSymptomsViewController.h */,
				6C2B76B518528F3D00881902 /* MHEDBrowseSymptomsViewController.m */,
				6C3619B21821ED0F00791E49 /* EDAddTableViewController.h */,
				6C3619B31821ED0F00791E49 /* EDAddTableViewController.m */,
				6CA03B3518511FCE00057CA3 /* MHEDBrowseViewController.h */,
				6C2B76B71852C6EA00881902 /* MHEDBrowseMapViewController.h */,
				6C2B76B81852C6EA00881902 /* MHEDBrowseMapViewController.m */,
				6C2B76BA1852C71B00881902 /* MHEDBrowseSymptomViewController.h */,
				6C2B76BB1852C71B00881902 /* MHEDBrowseSymptomViewController.m */,
				6CA03B3618511FCE00057CA3 /* MHEDBrowseViewController.m */,
				6C2B76AE185262FF00881902 /* MHEDBrowseMainViewController.h */,
				6C2B76AF185262FF00881902 /* MHEDBrowseMainViewController.m */,
			);
			name = "Browsing And Selection";
			sourceTree = "<group>";
		};
		6CAD869F17CBF6F300E6E7F5 /* Foundation Categories */ = {
			isa = PBXGroup;
			children = (
				6CADA0D41832A10500A9C6AA /* UIImage+MHED_fixOrientation.h */,
				6CADA0D51832A10500A9C6AA /* UIImage+MHED_fixOrientation.m */,
				6CAD6A1517CBC2BF007B2087 /* NSError+MHED_MultipleErrors.h */,
				6CAD6A1617CBC2BF007B2087 /* NSError+MHED_MultipleErrors.m */,
				6C35E18417C2A93A00AC4B74 /* NSSet+MHED_MoreSetOperations.h */,
				6C35E18517C2A93A00AC4B74 /* NSSet+MHED_MoreSetOperations.m */,
				6C8CF33E176BAB7C0080F3F2 /* NSString+MHED_EatDate.h */,
				6C8CF33F176BAB7C0080F3F2 /* NSString+MHED_EatDate.m */,
				6C4DC04F17736E8F00AE401F /* UIView+MHED_AdjustView.h */,
				6C4DC05017736E8F00AE401F /* UIView+MHED_AdjustView.m */,
				6CA03B32184FB96500057CA3 /* NSArray+MHED_Methods.h */,
				6CA03B33184FB96500057CA3 /* NSArray+MHED_Methods.m */,
			);
			name = "Foundation Categories";
			sourceTree = "<group>";
		};
		6CADA0CE183172CE00A9C6AA /* iCarousel */ = {
			isa = PBXGroup;
			children = (
				6CADA0CF183172CE00A9C6AA /* iCarousel.h */,
				6CADA0D0183172CE00A9C6AA /* iCarousel.m */,
			);
			path = iCarousel;
			sourceTree = "<group>";
		};
		6CAF3FF817CD01CD009341D4 /* Events */ = {
			isa = PBXGroup;
			children = (
				6CAEC08E17A843AD00649199 /* EDEatenMeal+Methods.h */,
				6CAEC08F17A843AD00649199 /* EDEatenMeal+Methods.m */,
				6CADA0C21831211B00A9C6AA /* EDEatenMeal.h */,
				6CADA0C31831211B00A9C6AA /* EDEatenMeal.m */,
				6CB51B5D17CF318500F58122 /* EDEliminatedFood+Ingredients.h */,
				6CB51B5E17CF318500F58122 /* EDEliminatedFood+Ingredients.m */,
				6CB51B6917CF327800F58122 /* EDEliminatedFood+Meals.h */,
				6CB51B6A17CF327800F58122 /* EDEliminatedFood+Meals.m */,
				6CB51B6317CF31A100F58122 /* EDEliminatedFood+Methods.h */,
				6CB51B6417CF31A100F58122 /* EDEliminatedFood+Methods.m */,
				6CB51B6617CF31A900F58122 /* EDEliminatedFood+Restaurants.h */,
				6CB51B6717CF31A900F58122 /* EDEliminatedFood+Restaurants.m */,
				6CB51B6017CF319900F58122 /* EDEliminatedFood+Types.h */,
				6CB51B6117CF319900F58122 /* EDEliminatedFood+Types.m */,
				6C0A0FAA17DA1B6700954302 /* EDEliminatedFood.h */,
				6C0A0FAB17DA1B6700954302 /* EDEliminatedFood.m */,
				6C0A0FB317DA1C6700954302 /* EDEvent+Methods.h */,
				6C0A0FB417DA1C6700954302 /* EDEvent+Methods.m */,
				6C0A0FA417DA1B1A00954302 /* EDEvent.h */,
				6C0A0FA517DA1B1A00954302 /* EDEvent.m */,
				6CAEC09717A8441500649199 /* EDHadSymptom+Methods.h */,
				6CAEC09817A8441600649199 /* EDHadSymptom+Methods.m */,
				6CE51DD2183EA848004C7ABC /* EDHadSymptom.h */,
				6CE51DD3183EA848004C7ABC /* EDHadSymptom.m */,
				6C0368BA18187A360088353A /* EDTakenMedication+Methods.h */,
				6C0368BB18187A360088353A /* EDTakenMedication+Methods.m */,
				6CADA0CB183134FD00A9C6AA /* EDTakenMedication.h */,
				6CADA0CC183134FD00A9C6AA /* EDTakenMedication.m */,
			);
			name = Events;
			sourceTree = "<group>";
		};
		6CAF3FF917CD01F4009341D4 /* Food Objects */ = {
			isa = PBXGroup;
			children = (
				6CD236CF1834818C00102959 /* EDFood.h */,
				6CD236D01834818C00102959 /* EDFood.m */,
				6CADA0C8183134EE00A9C6AA /* EDRestaurant.h */,
				6CADA0C9183134EE00A9C6AA /* EDRestaurant.m */,
				6CADA0BC1831210800A9C6AA /* EDMeal.h */,
				6CADA0BD1831210800A9C6AA /* EDMeal.m */,
				6CADA0B91831210700A9C6AA /* EDMedication.h */,
				6CADA0BA1831210700A9C6AA /* EDMedication.m */,
				6C683D7817CE63CB00011ED5 /* EDFood+Methods.h */,
				6C683D7917CE63CB00011ED5 /* EDFood+Methods.m */,
				6CAEC09D17A844D200649199 /* EDIngredient+Methods.h */,
				6CAEC09E17A844D300649199 /* EDIngredient+Methods.m */,
				6C0368B71818796A0088353A /* EDIngredient.h */,
				6C0368B81818796A0088353A /* EDIngredient.m */,
				6CAEC0A317A8452400649199 /* EDMeal+Methods.h */,
				6CAEC0A417A8452400649199 /* EDMeal+Methods.m */,
				6C0368BD18187B8B0088353A /* EDMedication+Methods.h */,
				6C0368BE18187B8B0088353A /* EDMedication+Methods.m */,
				6C683D7E17CE9FF300011ED5 /* EDRestaurant+Methods.h */,
				6C683D7F17CE9FF400011ED5 /* EDRestaurant+Methods.m */,
				6CAEC0AC17A8456200649199 /* EDType+Methods.h */,
				6CAEC0AD17A8456500649199 /* EDType+Methods.m */,
				6CD321B017E0BB2F0085922F /* EDType.h */,
				6CD321B117E0BB2F0085922F /* EDType.m */,
			);
			name = "Food Objects";
			sourceTree = "<group>";
		};
		6CAF3FFA17CD0229009341D4 /* Location */ = {
			isa = PBXGroup;
			children = (
			);
			name = Location;
			sourceTree = "<group>";
		};
		6CBE2F10182951BB00854B64 /* Custom Cells */ = {
			isa = PBXGroup;
			children = (
				6CADA0D71832B9F900A9C6AA /* EDShowHideCell.h */,
				6CADA0D81832B9F900A9C6AA /* EDShowHideCell.m */,
				6CAE73FF18046C730062E12C /* EDImageAndNameCell.h */,
				6CAE740018046C730062E12C /* EDImageAndNameCell.m */,
				6CAE73FC18046B020062E12C /* EDMealAndMedicationSegmentedControlCell.h */,
				6CAE73FD18046B020062E12C /* EDMealAndMedicationSegmentedControlCell.m */,
				6CAE740218046D260062E12C /* EDTagCell.h */,
				6CAE740318046D260062E12C /* EDTagCell.m */,
				6CBE2F14182951E500854B64 /* EDReminderCell.h */,
				6CBE2F15182951E500854B64 /* EDReminderCell.m */,
				6CBE2F171829520E00854B64 /* EDImageButtonCell.h */,
				6CBE2F181829520E00854B64 /* EDImageButtonCell.m */,
				6CBE2F1A1829523000854B64 /* EDLargeImageCell.h */,
				6CBE2F1B1829523000854B64 /* EDLargeImageCell.m */,
			);
			name = "Custom Cells";
			sourceTree = "<group>";
		};
		6CED587F1763FA3F005BFF76 = {
			isa = PBXGroup;
			children = (
				6CAB9CE117A005E500988074 /* CoreData.framework */,
				6CC20F5B17E398C3005CA809 /* MapKit.framework */,
				6CC20F5917E398BE005CA809 /* CoreLocation.framework */,
				6CAB9CE317A0062100988074 /* EDDataModel.xcdatamodeld */,
				6CED58911763FA3F005BFF76 /* The Elimination Diet */,
				6CED588A1763FA3F005BFF76 /* Frameworks */,
				6CED58891763FA3F005BFF76 /* Products */,
			);
			sourceTree = "<group>";
		};
		6CED58891763FA3F005BFF76 /* Products */ = {
			isa = PBXGroup;
			children = (
				6CED58881763FA3F005BFF76 /* The Elimination Diet.app */,
			);
			name = Products;
			sourceTree = "<group>";
		};
		6CED588A1763FA3F005BFF76 /* Frameworks */ = {
			isa = PBXGroup;
			children = (
				6CC0E8221836836A004CC620 /* MobileCoreServices.framework */,
				6CADA0D21831730500A9C6AA /* QuartzCore.framework */,
				6CED588B1763FA3F005BFF76 /* UIKit.framework */,
				6CED588D1763FA3F005BFF76 /* Foundation.framework */,
				6CED588F1763FA3F005BFF76 /* CoreGraphics.framework */,
			);
			name = Frameworks;
			sourceTree = "<group>";
		};
		6CED58911763FA3F005BFF76 /* The Elimination Diet */ = {
			isa = PBXGroup;
			children = (
				6C1354CB17F3547200AD6A4E /* User Interface */,
				6CF0CCD017675B29008BD2A7 /* Model */,
				6C2B76AD185257E400881902 /* Helpers */,
				6CED58921763FA3F005BFF76 /* Supporting Files */,
			);
			path = "The Elimination Diet";
			sourceTree = "<group>";
		};
		6CED58921763FA3F005BFF76 /* Supporting Files */ = {
			isa = PBXGroup;
			children = (
				6CED58A11763FA3F005BFF76 /* Default-568h@2x.png */,
				6CED589D1763FA3F005BFF76 /* Default.png */,
				6CED589F1763FA3F005BFF76 /* Default@2x.png */,
				6CED589A1763FA3F005BFF76 /* EDAppDelegate.h */,
				6CED589B1763FA3F005BFF76 /* EDAppDelegate.m */,
				6CED58941763FA3F005BFF76 /* InfoPlist.strings */,
				6CED58971763FA3F005BFF76 /* main.m */,
				6CED58931763FA3F005BFF76 /* The Elimination Diet-Info.plist */,
				6CED58991763FA3F005BFF76 /* The Elimination Diet-Prefix.pch */,
			);
			name = "Supporting Files";
			sourceTree = "<group>";
		};
		6CF0CCD017675B29008BD2A7 /* Model */ = {
			isa = PBXGroup;
			children = (
				6C4C84FF183527BC00D8DDE7 /* EDImage+Methods.h */,
				6C4C8500183527BC00D8DDE7 /* EDImage+Methods.m */,
				6CD236CC1834817600102959 /* EDImage.h */,
				6CD236CD1834817600102959 /* EDImage.m */,
				6CC20F5017E39756005CA809 /* EDLocation+Methods.h */,
				6CC20F5117E39756005CA809 /* EDLocation+Methods.m */,
				6C85479117E4FCFD005B06A6 /* EDLocation.h */,
				6C85479217E4FCFD005B06A6 /* EDLocation.m */,
				6C683D7B17CE67C600011ED5 /* EDTag+Methods.h */,
				6C683D7C17CE67C600011ED5 /* EDTag+Methods.m */,
				6C10D51118283463000F247F /* EDTag.h */,
				6C10D51218283463000F247F /* EDTag.m */,
				6CAF3FF817CD01CD009341D4 /* Events */,
				6CAF3FF917CD01F4009341D4 /* Food Objects */,
				6CAF3FFA17CD0229009341D4 /* Location */,
				6C0A0FB917DA24EF00954302 /* Symptoms */,
			);
			name = Model;
			sourceTree = "<group>";
		};
/* End PBXGroup section */

/* Begin PBXNativeTarget section */
		6CED58871763FA3F005BFF76 /* The Elimination Diet */ = {
			isa = PBXNativeTarget;
			buildConfigurationList = 6CED58A51763FA3F005BFF76 /* Build configuration list for PBXNativeTarget "The Elimination Diet" */;
			buildPhases = (
				6CED58841763FA3F005BFF76 /* Sources */,
				6CED58851763FA3F005BFF76 /* Frameworks */,
				6CED58861763FA3F005BFF76 /* Resources */,
			);
			buildRules = (
			);
			dependencies = (
			);
			name = "The Elimination Diet";
			productName = "The Elimination Diet";
			productReference = 6CED58881763FA3F005BFF76 /* The Elimination Diet.app */;
			productType = "com.apple.product-type.application";
		};
/* End PBXNativeTarget section */

/* Begin PBXProject section */
		6CED58801763FA3F005BFF76 /* Project object */ = {
			isa = PBXProject;
			attributes = {
				CLASSPREFIX = MHED;
				LastUpgradeCheck = 0460;
				ORGANIZATIONNAME = "Justin Kahn";
				TargetAttributes = {
					6CED58871763FA3F005BFF76 = {
						DevelopmentTeam = ZU6YR82X26;
					};
				};
			};
			buildConfigurationList = 6CED58831763FA3F005BFF76 /* Build configuration list for PBXProject "The Elimination Diet" */;
			compatibilityVersion = "Xcode 3.2";
			developmentRegion = English;
			hasScannedForEncodings = 0;
			knownRegions = (
				en,
			);
			mainGroup = 6CED587F1763FA3F005BFF76;
			productRefGroup = 6CED58891763FA3F005BFF76 /* Products */;
			projectDirPath = "";
			projectRoot = "";
			targets = (
				6CED58871763FA3F005BFF76 /* The Elimination Diet */,
			);
		};
/* End PBXProject section */

/* Begin PBXResourcesBuildPhase section */
		6CED58861763FA3F005BFF76 /* Resources */ = {
			isa = PBXResourcesBuildPhase;
			buildActionMask = 2147483647;
			files = (
				6CED58961763FA3F005BFF76 /* InfoPlist.strings in Resources */,
				6CED589E1763FA3F005BFF76 /* Default.png in Resources */,
				6CED58A01763FA3F005BFF76 /* Default@2x.png in Resources */,
				6CED58A21763FA3F005BFF76 /* Default-568h@2x.png in Resources */,
				6C1354CA17F3533700AD6A4E /* Storyboard.storyboard in Resources */,
			);
			runOnlyForDeploymentPostprocessing = 0;
		};
/* End PBXResourcesBuildPhase section */

/* Begin PBXSourcesBuildPhase section */
		6CED58841763FA3F005BFF76 /* Sources */ = {
			isa = PBXSourcesBuildPhase;
			buildActionMask = 2147483647;
			files = (
				6C0368BC18187A360088353A /* EDTakenMedication+Methods.m in Sources */,
				6C629F7917E8EB5900FCEFE8 /* EDRestaurant+Methods.m in Sources */,
				6CED58981763FA3F005BFF76 /* main.m in Sources */,
				6CED589C1763FA3F005BFF76 /* EDAppDelegate.m in Sources */,
				6CADA0C41831211B00A9C6AA /* EDEatenMeal.m in Sources */,
				6CE51DE6183EB5E6004C7ABC /* EDSymptom.m in Sources */,
				6C2B76B318528F2800881902 /* MHEDBrowseFoodViewController.m in Sources */,
				6C8CF340176BAB7C0080F3F2 /* NSString+MHED_EatDate.m in Sources */,
				6C8B78B3182D489A008603CF /* EDCameraViewController.m in Sources */,
				6C3E83F7180D939C006CC09B /* EDSearchToEatViewController.m in Sources */,
				6C4DC05117736E8F00AE401F /* UIView+MHED_AdjustView.m in Sources */,
				6C2B76C5185402CF00881902 /* MHEDMealInformationEnterViewController.m in Sources */,
				6CADA0BE1831210800A9C6AA /* EDMeal.m in Sources */,
				6C2B76BF1853F7A900881902 /* MHEDTableViewController.m in Sources */,
				6C2B76B91852C6EA00881902 /* MHEDBrowseMapViewController.m in Sources */,
				6CE51DEF183FCEB2004C7ABC /* EDBodyPart.m in Sources */,
				6CE51DDA183EA848004C7ABC /* EDSymptomDescription.m in Sources */,
				6C8B3652181ABF8A00B022F3 /* EDEliminatedAPI+Fetching.m in Sources */,
				6CAE740418046D260062E12C /* EDTagCell.m in Sources */,
				6C3619AB18205E5200791E49 /* EDEatNewMealViewController.m in Sources */,
				6CA03B34184FB96500057CA3 /* NSArray+MHED_Methods.m in Sources */,
				6CADA0CA183134EE00A9C6AA /* EDRestaurant.m in Sources */,
				6CAB9CE517A0062100988074 /* EDDataModel.xcdatamodeld in Sources */,
				6CADA0CD183134FD00A9C6AA /* EDTakenMedication.m in Sources */,
				6C3619A818205CCF00791E49 /* EDTakeNewMedicationViewController.m in Sources */,
				6CAEC09017A843AE00649199 /* EDEatenMeal+Methods.m in Sources */,
				6C8B3656181ABFAA00B022F3 /* EDEliminatedAPI+Searching.m in Sources */,
				6CAEC09917A8441700649199 /* EDHadSymptom+Methods.m in Sources */,
				6CD236CE1834817600102959 /* EDImage.m in Sources */,
				6C4C8501183527BC00D8DDE7 /* EDImage+Methods.m in Sources */,
				6CAEC09F17A844D400649199 /* EDIngredient+Methods.m in Sources */,
				6CAEC0A517A8452500649199 /* EDMeal+Methods.m in Sources */,
				6CBE2F1C1829523000854B64 /* EDLargeImageCell.m in Sources */,
				6C0368BF18187B8B0088353A /* EDMedication+Methods.m in Sources */,
				6C2B76B618528F3D00881902 /* MHEDBrowseSymptomsViewController.m in Sources */,
				6C8B365C181ACCBE00B022F3 /* EDEliminatedAPI+Helpers.m in Sources */,
				6CAEC0AB17A8454F00649199 /* EDSymptom+Methods.m in Sources */,
				6C2B76BC1852C71B00881902 /* MHEDBrowseSymptomViewController.m in Sources */,
				6CAEC0AE17A8456A00649199 /* EDType+Methods.m in Sources */,
				6CE51DDD183EA9BD004C7ABC /* EDBodyPart+Methods.m in Sources */,
				6C32A0C417AA93A0007E932D /* EDDocumentHandler.m in Sources */,
				6CADA0D1183172CE00A9C6AA /* iCarousel.m in Sources */,
				6C3619B41821ED0F00791E49 /* EDAddTableViewController.m in Sources */,
				6CAE73FE18046B020062E12C /* EDMealAndMedicationSegmentedControlCell.m in Sources */,
				6C08B5F317AAF956006F223B /* EDCoreDataTableViewController.m in Sources */,
				6C8B3659181ACCB200B022F3 /* EDEliminatedAPI+Sorting.m in Sources */,
				6CE51DF2183FCECC004C7ABC /* EDBodyLocation+Methods.m in Sources */,
				6CA03B3718511FCE00057CA3 /* MHEDBrowseViewController.m in Sources */,
				6CC0E826183AB2E9004CC620 /* EDStatusViewController.m in Sources */,
				6C08ABB017B0BB0B00A8DBF8 /* EDMultipleCoreDataTableViewController.m in Sources */,
				6C35E18617C2A93A00AC4B74 /* NSSet+MHED_MoreSetOperations.m in Sources */,
				6CAD6A1717CBC2BF007B2087 /* NSError+MHED_MultipleErrors.m in Sources */,
				6CADA0BB1831210700A9C6AA /* EDMedication.m in Sources */,
				6C2B76C21854028800881902 /* MHEDCameraMealCaptureViewController.m in Sources */,
				6CD236D11834818C00102959 /* EDFood.m in Sources */,
				6C683D7A17CE63CB00011ED5 /* EDFood+Methods.m in Sources */,
				6C683D7D17CE67C600011ED5 /* EDTag+Methods.m in Sources */,
				6CB51B5F17CF318500F58122 /* EDEliminatedFood+Ingredients.m in Sources */,
				6CE51DE0183EA9D9004C7ABC /* EDSymptomDescription+Methods.m in Sources */,
				6C2B76B0185262FF00881902 /* MHEDBrowseMainViewController.m in Sources */,
				6CB51B6217CF319900F58122 /* EDEliminatedFood+Types.m in Sources */,
				6CB51B6517CF31A100F58122 /* EDEliminatedFood+Methods.m in Sources */,
				6CB51B6817CF31A900F58122 /* EDEliminatedFood+Restaurants.m in Sources */,
				6C1070861803427F000D3251 /* EDEatNewFoodViewController.m in Sources */,
				6CB51B6B17CF327900F58122 /* EDEliminatedFood+Meals.m in Sources */,
				6C365D2F182C18B300DC9990 /* EDSelectTagsViewController.m in Sources */,
				6CE51DF8183FD5AD004C7ABC /* EDBodyLocation.m in Sources */,
				6C10D51318283463000F247F /* EDTag.m in Sources */,
				6C0A0FA617DA1B1A00954302 /* EDEvent.m in Sources */,
				6CADA0D61832A10500A9C6AA /* UIImage+MHED_fixOrientation.m in Sources */,
				6C0A0FAC17DA1B6700954302 /* EDEliminatedFood.m in Sources */,
				6C75C36C18157CEB00676288 /* EDEliminatedAPI.m in Sources */,
				6C0368B91818796A0088353A /* EDIngredient.m in Sources */,
				6CADA0D91832B9F900A9C6AA /* EDShowHideCell.m in Sources */,
				6C0A0FB517DA1C6700954302 /* EDEvent+Methods.m in Sources */,
				6CD321B217E0BB2F0085922F /* EDType.m in Sources */,
				6CBE2F16182951E500854B64 /* EDReminderCell.m in Sources */,
				6CE51DD4183EA848004C7ABC /* EDHadSymptom.m in Sources */,
				6C10D5041827E374000F247F /* EDTableComponents.m in Sources */,
				6CBE2F1F18297C6700854B64 /* EDNewFoodFromPicturesViewController.m in Sources */,
				6CBE2F191829520E00854B64 /* EDImageButtonCell.m in Sources */,
				6CC20F5217E39757005CA809 /* EDLocation+Methods.m in Sources */,
				6C85479317E4FCFD005B06A6 /* EDLocation.m in Sources */,
				6CAE740118046C730062E12C /* EDImageAndNameCell.m in Sources */,
				6CBE2F0F1829495B00854B64 /* EDBasicPhotoCreateViewController.m in Sources */,
			);
			runOnlyForDeploymentPostprocessing = 0;
		};
/* End PBXSourcesBuildPhase section */

/* Begin PBXVariantGroup section */
		6CED58941763FA3F005BFF76 /* InfoPlist.strings */ = {
			isa = PBXVariantGroup;
			children = (
				6CED58951763FA3F005BFF76 /* en */,
			);
			name = InfoPlist.strings;
			sourceTree = "<group>";
		};
/* End PBXVariantGroup section */

/* Begin XCBuildConfiguration section */
		6CED58A31763FA3F005BFF76 /* Debug */ = {
			isa = XCBuildConfiguration;
			buildSettings = {
				ALWAYS_SEARCH_USER_PATHS = NO;
				CLANG_CXX_LANGUAGE_STANDARD = "gnu++0x";
				CLANG_CXX_LIBRARY = "libc++";
				CLANG_ENABLE_MODULES = YES;
				CLANG_ENABLE_OBJC_ARC = YES;
				CLANG_WARN_CONSTANT_CONVERSION = YES;
				CLANG_WARN_EMPTY_BODY = YES;
				CLANG_WARN_ENUM_CONVERSION = YES;
				CLANG_WARN_INT_CONVERSION = YES;
				CLANG_WARN__DUPLICATE_METHOD_MATCH = YES;
				"CODE_SIGN_IDENTITY[sdk=iphoneos*]" = "iPhone Developer";
				COPY_PHASE_STRIP = NO;
				GCC_C_LANGUAGE_STANDARD = gnu99;
				GCC_DYNAMIC_NO_PIC = NO;
				GCC_OPTIMIZATION_LEVEL = 0;
				GCC_PREPROCESSOR_DEFINITIONS = (
					"DEBUG=1",
					"$(inherited)",
				);
				GCC_SYMBOLS_PRIVATE_EXTERN = NO;
				GCC_WARN_ABOUT_RETURN_TYPE = YES;
				GCC_WARN_UNINITIALIZED_AUTOS = YES;
				GCC_WARN_UNUSED_VARIABLE = YES;
				IPHONEOS_DEPLOYMENT_TARGET = 7.0;
				ONLY_ACTIVE_ARCH = YES;
				SDKROOT = iphoneos;
				TARGETED_DEVICE_FAMILY = "1,2";
			};
			name = Debug;
		};
		6CED58A41763FA3F005BFF76 /* Release */ = {
			isa = XCBuildConfiguration;
			buildSettings = {
				ALWAYS_SEARCH_USER_PATHS = NO;
				CLANG_CXX_LANGUAGE_STANDARD = "gnu++0x";
				CLANG_CXX_LIBRARY = "libc++";
				CLANG_ENABLE_MODULES = YES;
				CLANG_ENABLE_OBJC_ARC = YES;
				CLANG_WARN_CONSTANT_CONVERSION = YES;
				CLANG_WARN_EMPTY_BODY = YES;
				CLANG_WARN_ENUM_CONVERSION = YES;
				CLANG_WARN_INT_CONVERSION = YES;
				CLANG_WARN__DUPLICATE_METHOD_MATCH = YES;
				"CODE_SIGN_IDENTITY[sdk=iphoneos*]" = "iPhone Developer";
				COPY_PHASE_STRIP = YES;
				GCC_C_LANGUAGE_STANDARD = gnu99;
				GCC_WARN_ABOUT_RETURN_TYPE = YES;
				GCC_WARN_UNINITIALIZED_AUTOS = YES;
				GCC_WARN_UNUSED_VARIABLE = YES;
				IPHONEOS_DEPLOYMENT_TARGET = 7.0;
				OTHER_CFLAGS = "-DNS_BLOCK_ASSERTIONS=1";
				SDKROOT = iphoneos;
				TARGETED_DEVICE_FAMILY = "1,2";
				VALIDATE_PRODUCT = YES;
			};
			name = Release;
		};
		6CED58A61763FA3F005BFF76 /* Debug */ = {
			isa = XCBuildConfiguration;
			buildSettings = {
				CODE_SIGN_IDENTITY = "iPhone Developer";
				"CODE_SIGN_IDENTITY[sdk=iphoneos*]" = "iPhone Developer";
				GCC_PRECOMPILE_PREFIX_HEADER = YES;
				GCC_PREFIX_HEADER = "The Elimination Diet/The Elimination Diet-Prefix.pch";
				INFOPLIST_FILE = "The Elimination Diet/The Elimination Diet-Info.plist";
				IPHONEOS_DEPLOYMENT_TARGET = 7.0;
				PRODUCT_NAME = "$(TARGET_NAME)";
				PROVISIONING_PROFILE = "";
				WRAPPER_EXTENSION = app;
			};
			name = Debug;
		};
		6CED58A71763FA3F005BFF76 /* Release */ = {
			isa = XCBuildConfiguration;
			buildSettings = {
				CODE_SIGN_IDENTITY = "iPhone Developer";
				"CODE_SIGN_IDENTITY[sdk=iphoneos*]" = "iPhone Developer";
				GCC_PRECOMPILE_PREFIX_HEADER = YES;
				GCC_PREFIX_HEADER = "The Elimination Diet/The Elimination Diet-Prefix.pch";
				INFOPLIST_FILE = "The Elimination Diet/The Elimination Diet-Info.plist";
				IPHONEOS_DEPLOYMENT_TARGET = 7.0;
				PRODUCT_NAME = "$(TARGET_NAME)";
				PROVISIONING_PROFILE = "";
				WRAPPER_EXTENSION = app;
			};
			name = Release;
		};
/* End XCBuildConfiguration section */

/* Begin XCConfigurationList section */
		6CED58831763FA3F005BFF76 /* Build configuration list for PBXProject "The Elimination Diet" */ = {
			isa = XCConfigurationList;
			buildConfigurations = (
				6CED58A31763FA3F005BFF76 /* Debug */,
				6CED58A41763FA3F005BFF76 /* Release */,
			);
			defaultConfigurationIsVisible = 0;
			defaultConfigurationName = Release;
		};
		6CED58A51763FA3F005BFF76 /* Build configuration list for PBXNativeTarget "The Elimination Diet" */ = {
			isa = XCConfigurationList;
			buildConfigurations = (
				6CED58A61763FA3F005BFF76 /* Debug */,
				6CED58A71763FA3F005BFF76 /* Release */,
			);
			defaultConfigurationIsVisible = 0;
			defaultConfigurationName = Release;
		};
/* End XCConfigurationList section */

/* Begin XCVersionGroup section */
		6CAB9CE317A0062100988074 /* EDDataModel.xcdatamodeld */ = {
			isa = XCVersionGroup;
			children = (
				6CE51DCE183E9E21004C7ABC /* EDDataModel 2.xcdatamodel */,
				6CAB9CE417A0062100988074 /* EDDataModel.xcdatamodel */,
			);
			currentVersion = 6CE51DCE183E9E21004C7ABC /* EDDataModel 2.xcdatamodel */;
			path = EDDataModel.xcdatamodeld;
			sourceTree = "<group>";
			versionGroupType = wrapper.xcdatamodel;
		};
/* End XCVersionGroup section */
	};
	rootObject = 6CED58801763FA3F005BFF76 /* Project object */;
}
